// !$*UTF8*$!
{
	archiveVersion = 1;
	classes = {
	};
	objectVersion = 46;
	objects = {

/* Begin PBXBuildFile section */
		340C38B2197ADE16004D9332 /* AppDelegate.swift in Sources */ = {isa = PBXBuildFile; fileRef = 340C38B1197ADE16004D9332 /* AppDelegate.swift */; };
		340C38B4197ADE16004D9332 /* ViewController.swift in Sources */ = {isa = PBXBuildFile; fileRef = 340C38B3197ADE16004D9332 /* ViewController.swift */; };
		340C38B7197ADE16004D9332 /* Main.storyboard in Resources */ = {isa = PBXBuildFile; fileRef = 340C38B5197ADE16004D9332 /* Main.storyboard */; };
		340C38B9197ADE16004D9332 /* Images.xcassets in Resources */ = {isa = PBXBuildFile; fileRef = 340C38B8197ADE16004D9332 /* Images.xcassets */; };
		340C38C5197ADE16004D9332 /* TunefulTests.swift in Sources */ = {isa = PBXBuildFile; fileRef = 340C38C4197ADE16004D9332 /* TunefulTests.swift */; };
		3478DD45197C229E006B654E /* fox.mp3 in Resources */ = {isa = PBXBuildFile; fileRef = 3478DD44197C229E006B654E /* fox.mp3 */; };
		34F075B8197AE549004E819E /* Recorder.swift in Sources */ = {isa = PBXBuildFile; fileRef = 34F075B7197AE549004E819E /* Recorder.swift */; };
		AF299D5A1986B63C00966930 /* Audio.swift in Sources */ = {isa = PBXBuildFile; fileRef = AF299D591986B63C00966930 /* Audio.swift */; };
		AF30AED719881A9B0083BD54 /* AudioTable.swift in Sources */ = {isa = PBXBuildFile; fileRef = AF30AED619881A9B0083BD54 /* AudioTable.swift */; };
		AF48F6A619919913007DC5EF /* StringExtension.swift in Sources */ = {isa = PBXBuildFile; fileRef = AF48F6A519919913007DC5EF /* StringExtension.swift */; };
		AF48F6A819919923007DC5EF /* UIColorExtension.swift in Sources */ = {isa = PBXBuildFile; fileRef = AF48F6A719919923007DC5EF /* UIColorExtension.swift */; };
		AF52FE1A1992D2FB007221A3 /* AEFloatConverter.m in Sources */ = {isa = PBXBuildFile; fileRef = AF52FE041992D2FB007221A3 /* AEFloatConverter.m */; };
		AF52FE1B1992D2FB007221A3 /* EZAudioFile.m in Sources */ = {isa = PBXBuildFile; fileRef = AF52FE061992D2FB007221A3 /* EZAudioFile.m */; };
		AF52FE1C1992D2FB007221A3 /* EZAudioPlayer.m in Sources */ = {isa = PBXBuildFile; fileRef = AF52FE081992D2FB007221A3 /* EZAudioPlayer.m */; };
		AF52FE1D1992D2FB007221A3 /* EZAudioPlot.m in Sources */ = {isa = PBXBuildFile; fileRef = AF52FE0A1992D2FB007221A3 /* EZAudioPlot.m */; };
		AF52FE1E1992D2FB007221A3 /* EZAudioPlotGL.m in Sources */ = {isa = PBXBuildFile; fileRef = AF52FE0C1992D2FB007221A3 /* EZAudioPlotGL.m */; };
		AF52FE1F1992D2FB007221A3 /* EZAudioPlotGLKViewController.m in Sources */ = {isa = PBXBuildFile; fileRef = AF52FE0E1992D2FB007221A3 /* EZAudioPlotGLKViewController.m */; };
		AF52FE201992D2FB007221A3 /* EZMicrophone.m in Sources */ = {isa = PBXBuildFile; fileRef = AF52FE101992D2FB007221A3 /* EZMicrophone.m */; };
		AF52FE211992D2FB007221A3 /* EZOutput.m in Sources */ = {isa = PBXBuildFile; fileRef = AF52FE121992D2FB007221A3 /* EZOutput.m */; };
		AF52FE231992D2FB007221A3 /* EZRecorder.m in Sources */ = {isa = PBXBuildFile; fileRef = AF52FE161992D2FB007221A3 /* EZRecorder.m */; };
		AF52FE241992D2FB007221A3 /* TPCircularBuffer.c in Sources */ = {isa = PBXBuildFile; fileRef = AF52FE171992D2FB007221A3 /* TPCircularBuffer.c */; };
		AF52FE271992D480007221A3 /* EZAudio.m in Sources */ = {isa = PBXBuildFile; fileRef = AF52FE261992D480007221A3 /* EZAudio.m */; };
		AF52FE2A1992D4DA007221A3 /* EZPlot.m in Sources */ = {isa = PBXBuildFile; fileRef = AF52FE291992D4DA007221A3 /* EZPlot.m */; };
		AF52FE2C1992D51B007221A3 /* AVFoundation.framework in Frameworks */ = {isa = PBXBuildFile; fileRef = AF52FE2B1992D51B007221A3 /* AVFoundation.framework */; };
		AF52FE2E1992D51F007221A3 /* AudioToolbox.framework in Frameworks */ = {isa = PBXBuildFile; fileRef = AF52FE2D1992D51F007221A3 /* AudioToolbox.framework */; };
		AF52FE301992D524007221A3 /* GLKit.framework in Frameworks */ = {isa = PBXBuildFile; fileRef = AF52FE2F1992D524007221A3 /* GLKit.framework */; };
		AFA19B14199E62B900EC51E5 /* AudioLibrary.swift in Sources */ = {isa = PBXBuildFile; fileRef = AFA19B13199E62B900EC51E5 /* AudioLibrary.swift */; };
		AFA19B16199E653800EC51E5 /* Parse.framework in Frameworks */ = {isa = PBXBuildFile; fileRef = AFA19B15199E653800EC51E5 /* Parse.framework */; };
		AFA19B18199E655A00EC51E5 /* CFNetwork.framework in Frameworks */ = {isa = PBXBuildFile; fileRef = AFA19B17199E655A00EC51E5 /* CFNetwork.framework */; };
		AFA19B1A199E656400EC51E5 /* CoreLocation.framework in Frameworks */ = {isa = PBXBuildFile; fileRef = AFA19B19199E656400EC51E5 /* CoreLocation.framework */; };
		AFA19B1C199E656F00EC51E5 /* libz.dylib in Frameworks */ = {isa = PBXBuildFile; fileRef = AFA19B1B199E656F00EC51E5 /* libz.dylib */; };
		AFA19B1E199E657C00EC51E5 /* MobileCoreServices.framework in Frameworks */ = {isa = PBXBuildFile; fileRef = AFA19B1D199E657C00EC51E5 /* MobileCoreServices.framework */; };
		AFA19B20199E658500EC51E5 /* Security.framework in Frameworks */ = {isa = PBXBuildFile; fileRef = AFA19B1F199E658500EC51E5 /* Security.framework */; };
		AFA19B22199E658C00EC51E5 /* StoreKit.framework in Frameworks */ = {isa = PBXBuildFile; fileRef = AFA19B21199E658C00EC51E5 /* StoreKit.framework */; };
		AFA19B24199E659300EC51E5 /* SystemConfiguration.framework in Frameworks */ = {isa = PBXBuildFile; fileRef = AFA19B23199E659300EC51E5 /* SystemConfiguration.framework */; };
		AFCAD7F81999234F00CCA3F7 /* CoreText.framework in Frameworks */ = {isa = PBXBuildFile; fileRef = AFCAD7F71999234F00CCA3F7 /* CoreText.framework */; };
		AFCAD7FA1999235500CCA3F7 /* CoreImage.framework in Frameworks */ = {isa = PBXBuildFile; fileRef = AFCAD7F91999235500CCA3F7 /* CoreImage.framework */; };
		AFCAD7FC1999235900CCA3F7 /* libxml2.dylib in Frameworks */ = {isa = PBXBuildFile; fileRef = AFCAD7FB1999235900CCA3F7 /* libxml2.dylib */; };
		AFCAD7FE1999235E00CCA3F7 /* QuartzCore.framework in Frameworks */ = {isa = PBXBuildFile; fileRef = AFCAD7FD1999235E00CCA3F7 /* QuartzCore.framework */; };
		AFCAD8001999236300CCA3F7 /* CoreGraphics.framework in Frameworks */ = {isa = PBXBuildFile; fileRef = AFCAD7FF1999236300CCA3F7 /* CoreGraphics.framework */; };
		AFCAD8021999236700CCA3F7 /* UIKit.framework in Frameworks */ = {isa = PBXBuildFile; fileRef = AFCAD8011999236700CCA3F7 /* UIKit.framework */; };
/* End PBXBuildFile section */

/* Begin PBXContainerItemProxy section */
		340C38BF197ADE16004D9332 /* PBXContainerItemProxy */ = {
			isa = PBXContainerItemProxy;
			containerPortal = 340C38A4197ADE16004D9332 /* Project object */;
			proxyType = 1;
			remoteGlobalIDString = 340C38AB197ADE16004D9332;
			remoteInfo = Tuneful;
		};
/* End PBXContainerItemProxy section */

/* Begin PBXFileReference section */
		340C38AC197ADE16004D9332 /* Tuneful.app */ = {isa = PBXFileReference; explicitFileType = wrapper.application; includeInIndex = 0; path = Tuneful.app; sourceTree = BUILT_PRODUCTS_DIR; };
		340C38B0197ADE16004D9332 /* Info.plist */ = {isa = PBXFileReference; lastKnownFileType = text.plist.xml; path = Info.plist; sourceTree = "<group>"; };
		340C38B1197ADE16004D9332 /* AppDelegate.swift */ = {isa = PBXFileReference; lastKnownFileType = sourcecode.swift; path = AppDelegate.swift; sourceTree = "<group>"; };
		340C38B3197ADE16004D9332 /* ViewController.swift */ = {isa = PBXFileReference; lastKnownFileType = sourcecode.swift; path = ViewController.swift; sourceTree = "<group>"; };
		340C38B6197ADE16004D9332 /* Base */ = {isa = PBXFileReference; lastKnownFileType = file.storyboard; name = Base; path = Base.lproj/Main.storyboard; sourceTree = "<group>"; };
		340C38B8197ADE16004D9332 /* Images.xcassets */ = {isa = PBXFileReference; lastKnownFileType = folder.assetcatalog; path = Images.xcassets; sourceTree = "<group>"; };
		340C38BE197ADE16004D9332 /* TunefulTests.xctest */ = {isa = PBXFileReference; explicitFileType = wrapper.cfbundle; includeInIndex = 0; path = TunefulTests.xctest; sourceTree = BUILT_PRODUCTS_DIR; };
		340C38C3197ADE16004D9332 /* Info.plist */ = {isa = PBXFileReference; lastKnownFileType = text.plist.xml; path = Info.plist; sourceTree = "<group>"; };
		340C38C4197ADE16004D9332 /* TunefulTests.swift */ = {isa = PBXFileReference; lastKnownFileType = sourcecode.swift; path = TunefulTests.swift; sourceTree = "<group>"; };
		3478DD44197C229E006B654E /* fox.mp3 */ = {isa = PBXFileReference; lastKnownFileType = audio.mp3; path = fox.mp3; sourceTree = "<group>"; };
		34F075B7197AE549004E819E /* Recorder.swift */ = {isa = PBXFileReference; fileEncoding = 4; lastKnownFileType = sourcecode.swift; path = Recorder.swift; sourceTree = "<group>"; };
		AF299D591986B63C00966930 /* Audio.swift */ = {isa = PBXFileReference; fileEncoding = 4; lastKnownFileType = sourcecode.swift; path = Audio.swift; sourceTree = "<group>"; };
		AF30AED619881A9B0083BD54 /* AudioTable.swift */ = {isa = PBXFileReference; fileEncoding = 4; lastKnownFileType = sourcecode.swift; path = AudioTable.swift; sourceTree = "<group>"; };
		AF48F6A519919913007DC5EF /* StringExtension.swift */ = {isa = PBXFileReference; fileEncoding = 4; lastKnownFileType = sourcecode.swift; path = StringExtension.swift; sourceTree = "<group>"; };
		AF48F6A719919923007DC5EF /* UIColorExtension.swift */ = {isa = PBXFileReference; fileEncoding = 4; lastKnownFileType = sourcecode.swift; path = UIColorExtension.swift; sourceTree = "<group>"; };
		AF52FDAC1992CF9C007221A3 /* Tuneful-Bridging-Header.h */ = {isa = PBXFileReference; lastKnownFileType = sourcecode.c.h; path = "Tuneful-Bridging-Header.h"; sourceTree = "<group>"; };
		AF52FE031992D2FB007221A3 /* AEFloatConverter.h */ = {isa = PBXFileReference; fileEncoding = 4; lastKnownFileType = sourcecode.c.h; path = AEFloatConverter.h; sourceTree = "<group>"; };
		AF52FE041992D2FB007221A3 /* AEFloatConverter.m */ = {isa = PBXFileReference; fileEncoding = 4; lastKnownFileType = sourcecode.c.objc; path = AEFloatConverter.m; sourceTree = "<group>"; };
		AF52FE051992D2FB007221A3 /* EZAudioFile.h */ = {isa = PBXFileReference; fileEncoding = 4; lastKnownFileType = sourcecode.c.h; path = EZAudioFile.h; sourceTree = "<group>"; };
		AF52FE061992D2FB007221A3 /* EZAudioFile.m */ = {isa = PBXFileReference; fileEncoding = 4; lastKnownFileType = sourcecode.c.objc; path = EZAudioFile.m; sourceTree = "<group>"; };
		AF52FE071992D2FB007221A3 /* EZAudioPlayer.h */ = {isa = PBXFileReference; fileEncoding = 4; lastKnownFileType = sourcecode.c.h; path = EZAudioPlayer.h; sourceTree = "<group>"; };
		AF52FE081992D2FB007221A3 /* EZAudioPlayer.m */ = {isa = PBXFileReference; fileEncoding = 4; lastKnownFileType = sourcecode.c.objc; path = EZAudioPlayer.m; sourceTree = "<group>"; };
		AF52FE091992D2FB007221A3 /* EZAudioPlot.h */ = {isa = PBXFileReference; fileEncoding = 4; lastKnownFileType = sourcecode.c.h; path = EZAudioPlot.h; sourceTree = "<group>"; };
		AF52FE0A1992D2FB007221A3 /* EZAudioPlot.m */ = {isa = PBXFileReference; fileEncoding = 4; lastKnownFileType = sourcecode.c.objc; path = EZAudioPlot.m; sourceTree = "<group>"; };
		AF52FE0B1992D2FB007221A3 /* EZAudioPlotGL.h */ = {isa = PBXFileReference; fileEncoding = 4; lastKnownFileType = sourcecode.c.h; path = EZAudioPlotGL.h; sourceTree = "<group>"; };
		AF52FE0C1992D2FB007221A3 /* EZAudioPlotGL.m */ = {isa = PBXFileReference; fileEncoding = 4; lastKnownFileType = sourcecode.c.objc; path = EZAudioPlotGL.m; sourceTree = "<group>"; };
		AF52FE0D1992D2FB007221A3 /* EZAudioPlotGLKViewController.h */ = {isa = PBXFileReference; fileEncoding = 4; lastKnownFileType = sourcecode.c.h; path = EZAudioPlotGLKViewController.h; sourceTree = "<group>"; };
		AF52FE0E1992D2FB007221A3 /* EZAudioPlotGLKViewController.m */ = {isa = PBXFileReference; fileEncoding = 4; lastKnownFileType = sourcecode.c.objc; path = EZAudioPlotGLKViewController.m; sourceTree = "<group>"; };
		AF52FE0F1992D2FB007221A3 /* EZMicrophone.h */ = {isa = PBXFileReference; fileEncoding = 4; lastKnownFileType = sourcecode.c.h; path = EZMicrophone.h; sourceTree = "<group>"; };
		AF52FE101992D2FB007221A3 /* EZMicrophone.m */ = {isa = PBXFileReference; fileEncoding = 4; lastKnownFileType = sourcecode.c.objc; path = EZMicrophone.m; sourceTree = "<group>"; };
		AF52FE111992D2FB007221A3 /* EZOutput.h */ = {isa = PBXFileReference; fileEncoding = 4; lastKnownFileType = sourcecode.c.h; path = EZOutput.h; sourceTree = "<group>"; };
		AF52FE121992D2FB007221A3 /* EZOutput.m */ = {isa = PBXFileReference; fileEncoding = 4; lastKnownFileType = sourcecode.c.objc; path = EZOutput.m; sourceTree = "<group>"; };
		AF52FE151992D2FB007221A3 /* EZRecorder.h */ = {isa = PBXFileReference; fileEncoding = 4; lastKnownFileType = sourcecode.c.h; path = EZRecorder.h; sourceTree = "<group>"; };
		AF52FE161992D2FB007221A3 /* EZRecorder.m */ = {isa = PBXFileReference; fileEncoding = 4; lastKnownFileType = sourcecode.c.objc; path = EZRecorder.m; sourceTree = "<group>"; };
		AF52FE171992D2FB007221A3 /* TPCircularBuffer.c */ = {isa = PBXFileReference; fileEncoding = 4; lastKnownFileType = sourcecode.c.c; path = TPCircularBuffer.c; sourceTree = "<group>"; };
		AF52FE181992D2FB007221A3 /* TPCircularBuffer.h */ = {isa = PBXFileReference; fileEncoding = 4; lastKnownFileType = sourcecode.c.h; path = TPCircularBuffer.h; sourceTree = "<group>"; };
		AF52FE251992D480007221A3 /* EZAudio.h */ = {isa = PBXFileReference; fileEncoding = 4; lastKnownFileType = sourcecode.c.h; path = EZAudio.h; sourceTree = "<group>"; };
		AF52FE261992D480007221A3 /* EZAudio.m */ = {isa = PBXFileReference; fileEncoding = 4; lastKnownFileType = sourcecode.c.objc; path = EZAudio.m; sourceTree = "<group>"; };
		AF52FE281992D4DA007221A3 /* EZPlot.h */ = {isa = PBXFileReference; fileEncoding = 4; lastKnownFileType = sourcecode.c.h; name = EZPlot.h; path = "../../../../EZAudio-master/EZAudio/EZPlot.h"; sourceTree = "<group>"; };
		AF52FE291992D4DA007221A3 /* EZPlot.m */ = {isa = PBXFileReference; fileEncoding = 4; lastKnownFileType = sourcecode.c.objc; name = EZPlot.m; path = "../../../../EZAudio-master/EZAudio/EZPlot.m"; sourceTree = "<group>"; };
		AF52FE2B1992D51B007221A3 /* AVFoundation.framework */ = {isa = PBXFileReference; lastKnownFileType = wrapper.framework; name = AVFoundation.framework; path = System/Library/Frameworks/AVFoundation.framework; sourceTree = SDKROOT; };
		AF52FE2D1992D51F007221A3 /* AudioToolbox.framework */ = {isa = PBXFileReference; lastKnownFileType = wrapper.framework; name = AudioToolbox.framework; path = System/Library/Frameworks/AudioToolbox.framework; sourceTree = SDKROOT; };
		AF52FE2F1992D524007221A3 /* GLKit.framework */ = {isa = PBXFileReference; lastKnownFileType = wrapper.framework; name = GLKit.framework; path = System/Library/Frameworks/GLKit.framework; sourceTree = SDKROOT; };
		AF52FE311992D5F7007221A3 /* Tuneful-Prefix.pch */ = {isa = PBXFileReference; lastKnownFileType = sourcecode.c.h; path = "Tuneful-Prefix.pch"; sourceTree = "<group>"; };
		AFA19B13199E62B900EC51E5 /* AudioLibrary.swift */ = {isa = PBXFileReference; fileEncoding = 4; lastKnownFileType = sourcecode.swift; path = AudioLibrary.swift; sourceTree = "<group>"; };
		AFA19B15199E653800EC51E5 /* Parse.framework */ = {isa = PBXFileReference; lastKnownFileType = wrapper.framework; path = Parse.framework; sourceTree = "<group>"; };
		AFA19B17199E655A00EC51E5 /* CFNetwork.framework */ = {isa = PBXFileReference; lastKnownFileType = wrapper.framework; name = CFNetwork.framework; path = System/Library/Frameworks/CFNetwork.framework; sourceTree = SDKROOT; };
		AFA19B19199E656400EC51E5 /* CoreLocation.framework */ = {isa = PBXFileReference; lastKnownFileType = wrapper.framework; name = CoreLocation.framework; path = System/Library/Frameworks/CoreLocation.framework; sourceTree = SDKROOT; };
		AFA19B1B199E656F00EC51E5 /* libz.dylib */ = {isa = PBXFileReference; lastKnownFileType = "compiled.mach-o.dylib"; name = libz.dylib; path = usr/lib/libz.dylib; sourceTree = SDKROOT; };
		AFA19B1D199E657C00EC51E5 /* MobileCoreServices.framework */ = {isa = PBXFileReference; lastKnownFileType = wrapper.framework; name = MobileCoreServices.framework; path = System/Library/Frameworks/MobileCoreServices.framework; sourceTree = SDKROOT; };
		AFA19B1F199E658500EC51E5 /* Security.framework */ = {isa = PBXFileReference; lastKnownFileType = wrapper.framework; name = Security.framework; path = System/Library/Frameworks/Security.framework; sourceTree = SDKROOT; };
		AFA19B21199E658C00EC51E5 /* StoreKit.framework */ = {isa = PBXFileReference; lastKnownFileType = wrapper.framework; name = StoreKit.framework; path = System/Library/Frameworks/StoreKit.framework; sourceTree = SDKROOT; };
		AFA19B23199E659300EC51E5 /* SystemConfiguration.framework */ = {isa = PBXFileReference; lastKnownFileType = wrapper.framework; name = SystemConfiguration.framework; path = System/Library/Frameworks/SystemConfiguration.framework; sourceTree = SDKROOT; };
		AFCAD7791999231C00CCA3F7 /* AppleSucksDOMImplementation.h */ = {isa = PBXFileReference; fileEncoding = 4; lastKnownFileType = sourcecode.c.h; path = AppleSucksDOMImplementation.h; sourceTree = "<group>"; };
		AFCAD77A1999231C00CCA3F7 /* Attr.h */ = {isa = PBXFileReference; fileEncoding = 4; lastKnownFileType = sourcecode.c.h; path = Attr.h; sourceTree = "<group>"; };
		AFCAD77B1999231C00CCA3F7 /* BaseClassForAllSVGBasicShapes.h */ = {isa = PBXFileReference; fileEncoding = 4; lastKnownFileType = sourcecode.c.h; path = BaseClassForAllSVGBasicShapes.h; sourceTree = "<group>"; };
		AFCAD77C1999231C00CCA3F7 /* BaseClassForAllSVGBasicShapes_ForSubclasses.h */ = {isa = PBXFileReference; fileEncoding = 4; lastKnownFileType = sourcecode.c.h; path = BaseClassForAllSVGBasicShapes_ForSubclasses.h; sourceTree = "<group>"; };
		AFCAD77D1999231C00CCA3F7 /* CALayer+RecursiveClone.h */ = {isa = PBXFileReference; fileEncoding = 4; lastKnownFileType = sourcecode.c.h; path = "CALayer+RecursiveClone.h"; sourceTree = "<group>"; };
		AFCAD77E1999231C00CCA3F7 /* CALayerExporter.h */ = {isa = PBXFileReference; fileEncoding = 4; lastKnownFileType = sourcecode.c.h; path = CALayerExporter.h; sourceTree = "<group>"; };
		AFCAD77F1999231C00CCA3F7 /* CALayerWithChildHitTest.h */ = {isa = PBXFileReference; fileEncoding = 4; lastKnownFileType = sourcecode.c.h; path = CALayerWithChildHitTest.h; sourceTree = "<group>"; };
		AFCAD7801999231C00CCA3F7 /* CAShapeLayerWithHitTest.h */ = {isa = PBXFileReference; fileEncoding = 4; lastKnownFileType = sourcecode.c.h; path = CAShapeLayerWithHitTest.h; sourceTree = "<group>"; };
		AFCAD7811999231C00CCA3F7 /* CDATASection.h */ = {isa = PBXFileReference; fileEncoding = 4; lastKnownFileType = sourcecode.c.h; path = CDATASection.h; sourceTree = "<group>"; };
		AFCAD7821999231C00CCA3F7 /* CGPathAdditions.h */ = {isa = PBXFileReference; fileEncoding = 4; lastKnownFileType = sourcecode.c.h; path = CGPathAdditions.h; sourceTree = "<group>"; };
		AFCAD7831999231C00CCA3F7 /* CharacterData.h */ = {isa = PBXFileReference; fileEncoding = 4; lastKnownFileType = sourcecode.c.h; path = CharacterData.h; sourceTree = "<group>"; };
		AFCAD7841999231C00CCA3F7 /* Comment.h */ = {isa = PBXFileReference; fileEncoding = 4; lastKnownFileType = sourcecode.c.h; path = Comment.h; sourceTree = "<group>"; };
		AFCAD7851999231C00CCA3F7 /* ContextFilterLogFormatter.h */ = {isa = PBXFileReference; fileEncoding = 4; lastKnownFileType = sourcecode.c.h; path = ContextFilterLogFormatter.h; sourceTree = "<group>"; };
		AFCAD7861999231C00CCA3F7 /* ConverterSVGToCALayer.h */ = {isa = PBXFileReference; fileEncoding = 4; lastKnownFileType = sourcecode.c.h; path = ConverterSVGToCALayer.h; sourceTree = "<group>"; };
		AFCAD7871999231C00CCA3F7 /* CSSPrimitiveValue.h */ = {isa = PBXFileReference; fileEncoding = 4; lastKnownFileType = sourcecode.c.h; path = CSSPrimitiveValue.h; sourceTree = "<group>"; };
		AFCAD7881999231C00CCA3F7 /* CSSRule.h */ = {isa = PBXFileReference; fileEncoding = 4; lastKnownFileType = sourcecode.c.h; path = CSSRule.h; sourceTree = "<group>"; };
		AFCAD7891999231C00CCA3F7 /* CSSRuleList+Mutable.h */ = {isa = PBXFileReference; fileEncoding = 4; lastKnownFileType = sourcecode.c.h; path = "CSSRuleList+Mutable.h"; sourceTree = "<group>"; };
		AFCAD78A1999231C00CCA3F7 /* CSSRuleList.h */ = {isa = PBXFileReference; fileEncoding = 4; lastKnownFileType = sourcecode.c.h; path = CSSRuleList.h; sourceTree = "<group>"; };
		AFCAD78B1999231C00CCA3F7 /* CSSStyleDeclaration.h */ = {isa = PBXFileReference; fileEncoding = 4; lastKnownFileType = sourcecode.c.h; path = CSSStyleDeclaration.h; sourceTree = "<group>"; };
		AFCAD78C1999231C00CCA3F7 /* CSSStyleRule.h */ = {isa = PBXFileReference; fileEncoding = 4; lastKnownFileType = sourcecode.c.h; path = CSSStyleRule.h; sourceTree = "<group>"; };
		AFCAD78D1999231C00CCA3F7 /* CSSStyleSheet.h */ = {isa = PBXFileReference; fileEncoding = 4; lastKnownFileType = sourcecode.c.h; path = CSSStyleSheet.h; sourceTree = "<group>"; };
		AFCAD78E1999231C00CCA3F7 /* CSSValue.h */ = {isa = PBXFileReference; fileEncoding = 4; lastKnownFileType = sourcecode.c.h; path = CSSValue.h; sourceTree = "<group>"; };
		AFCAD78F1999231C00CCA3F7 /* CSSValue_ForSubclasses.h */ = {isa = PBXFileReference; fileEncoding = 4; lastKnownFileType = sourcecode.c.h; path = CSSValue_ForSubclasses.h; sourceTree = "<group>"; };
		AFCAD7901999231C00CCA3F7 /* CSSValueList.h */ = {isa = PBXFileReference; fileEncoding = 4; lastKnownFileType = sourcecode.c.h; path = CSSValueList.h; sourceTree = "<group>"; };
		AFCAD7911999231C00CCA3F7 /* DDAbstractDatabaseLogger.h */ = {isa = PBXFileReference; fileEncoding = 4; lastKnownFileType = sourcecode.c.h; path = DDAbstractDatabaseLogger.h; sourceTree = "<group>"; };
		AFCAD7921999231C00CCA3F7 /* DDASLLogger.h */ = {isa = PBXFileReference; fileEncoding = 4; lastKnownFileType = sourcecode.c.h; path = DDASLLogger.h; sourceTree = "<group>"; };
		AFCAD7931999231C00CCA3F7 /* DDFileLogger.h */ = {isa = PBXFileReference; fileEncoding = 4; lastKnownFileType = sourcecode.c.h; path = DDFileLogger.h; sourceTree = "<group>"; };
		AFCAD7941999231C00CCA3F7 /* DDLog.h */ = {isa = PBXFileReference; fileEncoding = 4; lastKnownFileType = sourcecode.c.h; path = DDLog.h; sourceTree = "<group>"; };
		AFCAD7951999231C00CCA3F7 /* DDTTYLogger.h */ = {isa = PBXFileReference; fileEncoding = 4; lastKnownFileType = sourcecode.c.h; path = DDTTYLogger.h; sourceTree = "<group>"; };
		AFCAD7961999231C00CCA3F7 /* DispatchQueueLogFormatter.h */ = {isa = PBXFileReference; fileEncoding = 4; lastKnownFileType = sourcecode.c.h; path = DispatchQueueLogFormatter.h; sourceTree = "<group>"; };
		AFCAD7971999231C00CCA3F7 /* Document+Mutable.h */ = {isa = PBXFileReference; fileEncoding = 4; lastKnownFileType = sourcecode.c.h; path = "Document+Mutable.h"; sourceTree = "<group>"; };
		AFCAD7981999231C00CCA3F7 /* Document.h */ = {isa = PBXFileReference; fileEncoding = 4; lastKnownFileType = sourcecode.c.h; path = Document.h; sourceTree = "<group>"; };
		AFCAD7991999231C00CCA3F7 /* DocumentCSS.h */ = {isa = PBXFileReference; fileEncoding = 4; lastKnownFileType = sourcecode.c.h; path = DocumentCSS.h; sourceTree = "<group>"; };
		AFCAD79A1999231C00CCA3F7 /* DocumentFragment.h */ = {isa = PBXFileReference; fileEncoding = 4; lastKnownFileType = sourcecode.c.h; path = DocumentFragment.h; sourceTree = "<group>"; };
		AFCAD79B1999231C00CCA3F7 /* DocumentStyle.h */ = {isa = PBXFileReference; fileEncoding = 4; lastKnownFileType = sourcecode.c.h; path = DocumentStyle.h; sourceTree = "<group>"; };
		AFCAD79C1999231C00CCA3F7 /* DocumentType.h */ = {isa = PBXFileReference; fileEncoding = 4; lastKnownFileType = sourcecode.c.h; path = DocumentType.h; sourceTree = "<group>"; };
		AFCAD79D1999231C00CCA3F7 /* DOMGlobalSettings.h */ = {isa = PBXFileReference; fileEncoding = 4; lastKnownFileType = sourcecode.c.h; path = DOMGlobalSettings.h; sourceTree = "<group>"; };
		AFCAD79E1999231C00CCA3F7 /* DOMHelperUtilities.h */ = {isa = PBXFileReference; fileEncoding = 4; lastKnownFileType = sourcecode.c.h; path = DOMHelperUtilities.h; sourceTree = "<group>"; };
		AFCAD79F1999231C00CCA3F7 /* Element.h */ = {isa = PBXFileReference; fileEncoding = 4; lastKnownFileType = sourcecode.c.h; path = Element.h; sourceTree = "<group>"; };
		AFCAD7A01999231C00CCA3F7 /* EntityReference.h */ = {isa = PBXFileReference; fileEncoding = 4; lastKnownFileType = sourcecode.c.h; path = EntityReference.h; sourceTree = "<group>"; };
		AFCAD7A11999231C00CCA3F7 /* MediaList.h */ = {isa = PBXFileReference; fileEncoding = 4; lastKnownFileType = sourcecode.c.h; path = MediaList.h; sourceTree = "<group>"; };
		AFCAD7A21999231C00CCA3F7 /* NamedNodeMap.h */ = {isa = PBXFileReference; fileEncoding = 4; lastKnownFileType = sourcecode.c.h; path = NamedNodeMap.h; sourceTree = "<group>"; };
		AFCAD7A31999231C00CCA3F7 /* NamedNodeMap_Iterable.h */ = {isa = PBXFileReference; fileEncoding = 4; lastKnownFileType = sourcecode.c.h; path = NamedNodeMap_Iterable.h; sourceTree = "<group>"; };
		AFCAD7A41999231C00CCA3F7 /* Node+Mutable.h */ = {isa = PBXFileReference; fileEncoding = 4; lastKnownFileType = sourcecode.c.h; path = "Node+Mutable.h"; sourceTree = "<group>"; };
		AFCAD7A51999231C00CCA3F7 /* Node.h */ = {isa = PBXFileReference; fileEncoding = 4; lastKnownFileType = sourcecode.c.h; path = Node.h; sourceTree = "<group>"; };
		AFCAD7A61999231C00CCA3F7 /* NodeList+Mutable.h */ = {isa = PBXFileReference; fileEncoding = 4; lastKnownFileType = sourcecode.c.h; path = "NodeList+Mutable.h"; sourceTree = "<group>"; };
		AFCAD7A71999231C00CCA3F7 /* NodeList.h */ = {isa = PBXFileReference; fileEncoding = 4; lastKnownFileType = sourcecode.c.h; path = NodeList.h; sourceTree = "<group>"; };
		AFCAD7A81999231C00CCA3F7 /* NSCharacterSet+SVGKExtensions.h */ = {isa = PBXFileReference; fileEncoding = 4; lastKnownFileType = sourcecode.c.h; path = "NSCharacterSet+SVGKExtensions.h"; sourceTree = "<group>"; };
		AFCAD7A91999231C00CCA3F7 /* ProcessingInstruction.h */ = {isa = PBXFileReference; fileEncoding = 4; lastKnownFileType = sourcecode.c.h; path = ProcessingInstruction.h; sourceTree = "<group>"; };
		AFCAD7AA1999231C00CCA3F7 /* StyleSheet.h */ = {isa = PBXFileReference; fileEncoding = 4; lastKnownFileType = sourcecode.c.h; path = StyleSheet.h; sourceTree = "<group>"; };
		AFCAD7AB1999231C00CCA3F7 /* StyleSheetList.h */ = {isa = PBXFileReference; fileEncoding = 4; lastKnownFileType = sourcecode.c.h; path = StyleSheetList.h; sourceTree = "<group>"; };
		AFCAD7AC1999231C00CCA3F7 /* SVGAngle.h */ = {isa = PBXFileReference; fileEncoding = 4; lastKnownFileType = sourcecode.c.h; path = SVGAngle.h; sourceTree = "<group>"; };
		AFCAD7AD1999231C00CCA3F7 /* SVGAnimatedPreserveAspectRatio.h */ = {isa = PBXFileReference; fileEncoding = 4; lastKnownFileType = sourcecode.c.h; path = SVGAnimatedPreserveAspectRatio.h; sourceTree = "<group>"; };
		AFCAD7AE1999231C00CCA3F7 /* SVGCircleElement.h */ = {isa = PBXFileReference; fileEncoding = 4; lastKnownFileType = sourcecode.c.h; path = SVGCircleElement.h; sourceTree = "<group>"; };
		AFCAD7AF1999231C00CCA3F7 /* SVGDefsElement.h */ = {isa = PBXFileReference; fileEncoding = 4; lastKnownFileType = sourcecode.c.h; path = SVGDefsElement.h; sourceTree = "<group>"; };
		AFCAD7B01999231C00CCA3F7 /* SVGDescriptionElement.h */ = {isa = PBXFileReference; fileEncoding = 4; lastKnownFileType = sourcecode.c.h; path = SVGDescriptionElement.h; sourceTree = "<group>"; };
		AFCAD7B11999231C00CCA3F7 /* SVGDocument.h */ = {isa = PBXFileReference; fileEncoding = 4; lastKnownFileType = sourcecode.c.h; path = SVGDocument.h; sourceTree = "<group>"; };
		AFCAD7B21999231C00CCA3F7 /* SVGDocument_Mutable.h */ = {isa = PBXFileReference; fileEncoding = 4; lastKnownFileType = sourcecode.c.h; path = SVGDocument_Mutable.h; sourceTree = "<group>"; };
		AFCAD7B31999231C00CCA3F7 /* SVGElement.h */ = {isa = PBXFileReference; fileEncoding = 4; lastKnownFileType = sourcecode.c.h; path = SVGElement.h; sourceTree = "<group>"; };
		AFCAD7B41999231C00CCA3F7 /* SVGElement_ForParser.h */ = {isa = PBXFileReference; fileEncoding = 4; lastKnownFileType = sourcecode.c.h; path = SVGElement_ForParser.h; sourceTree = "<group>"; };
		AFCAD7B51999231C00CCA3F7 /* SVGElementInstance.h */ = {isa = PBXFileReference; fileEncoding = 4; lastKnownFileType = sourcecode.c.h; path = SVGElementInstance.h; sourceTree = "<group>"; };
		AFCAD7B61999231C00CCA3F7 /* SVGElementInstance_Mutable.h */ = {isa = PBXFileReference; fileEncoding = 4; lastKnownFileType = sourcecode.c.h; path = SVGElementInstance_Mutable.h; sourceTree = "<group>"; };
		AFCAD7B71999231C00CCA3F7 /* SVGElementInstanceList.h */ = {isa = PBXFileReference; fileEncoding = 4; lastKnownFileType = sourcecode.c.h; path = SVGElementInstanceList.h; sourceTree = "<group>"; };
		AFCAD7B81999231C00CCA3F7 /* SVGElementInstanceList_Internal.h */ = {isa = PBXFileReference; fileEncoding = 4; lastKnownFileType = sourcecode.c.h; path = SVGElementInstanceList_Internal.h; sourceTree = "<group>"; };
		AFCAD7B91999231C00CCA3F7 /* SVGEllipseElement.h */ = {isa = PBXFileReference; fileEncoding = 4; lastKnownFileType = sourcecode.c.h; path = SVGEllipseElement.h; sourceTree = "<group>"; };
		AFCAD7BA1999231C00CCA3F7 /* SVGFitToViewBox.h */ = {isa = PBXFileReference; fileEncoding = 4; lastKnownFileType = sourcecode.c.h; path = SVGFitToViewBox.h; sourceTree = "<group>"; };
		AFCAD7BB1999231C00CCA3F7 /* SVGGElement.h */ = {isa = PBXFileReference; fileEncoding = 4; lastKnownFileType = sourcecode.c.h; path = SVGGElement.h; sourceTree = "<group>"; };
		AFCAD7BC1999231C00CCA3F7 /* SVGGradientElement.h */ = {isa = PBXFileReference; fileEncoding = 4; lastKnownFileType = sourcecode.c.h; path = SVGGradientElement.h; sourceTree = "<group>"; };
		AFCAD7BD1999231C00CCA3F7 /* SVGGradientLayer.h */ = {isa = PBXFileReference; fileEncoding = 4; lastKnownFileType = sourcecode.c.h; path = SVGGradientLayer.h; sourceTree = "<group>"; };
		AFCAD7BE1999231C00CCA3F7 /* SVGGradientStop.h */ = {isa = PBXFileReference; fileEncoding = 4; lastKnownFileType = sourcecode.c.h; path = SVGGradientStop.h; sourceTree = "<group>"; };
		AFCAD7BF1999231C00CCA3F7 /* SVGGroupElement.h */ = {isa = PBXFileReference; fileEncoding = 4; lastKnownFileType = sourcecode.c.h; path = SVGGroupElement.h; sourceTree = "<group>"; };
		AFCAD7C01999231C00CCA3F7 /* SVGHelperUtilities.h */ = {isa = PBXFileReference; fileEncoding = 4; lastKnownFileType = sourcecode.c.h; path = SVGHelperUtilities.h; sourceTree = "<group>"; };
		AFCAD7C11999231C00CCA3F7 /* SVGImageElement.h */ = {isa = PBXFileReference; fileEncoding = 4; lastKnownFileType = sourcecode.c.h; path = SVGImageElement.h; sourceTree = "<group>"; };
		AFCAD7C21999231C00CCA3F7 /* SVGKExporterNSData.h */ = {isa = PBXFileReference; fileEncoding = 4; lastKnownFileType = sourcecode.c.h; path = SVGKExporterNSData.h; sourceTree = "<group>"; };
		AFCAD7C31999231C00CCA3F7 /* SVGKExporterUIImage.h */ = {isa = PBXFileReference; fileEncoding = 4; lastKnownFileType = sourcecode.c.h; path = SVGKExporterUIImage.h; sourceTree = "<group>"; };
		AFCAD7C41999231C00CCA3F7 /* SVGKFastImageView.h */ = {isa = PBXFileReference; fileEncoding = 4; lastKnownFileType = sourcecode.c.h; path = SVGKFastImageView.h; sourceTree = "<group>"; };
		AFCAD7C51999231C00CCA3F7 /* SVGKImage+CGContext.h */ = {isa = PBXFileReference; fileEncoding = 4; lastKnownFileType = sourcecode.c.h; path = "SVGKImage+CGContext.h"; sourceTree = "<group>"; };
		AFCAD7C61999231C00CCA3F7 /* SVGKImage.h */ = {isa = PBXFileReference; fileEncoding = 4; lastKnownFileType = sourcecode.c.h; path = SVGKImage.h; sourceTree = "<group>"; };
		AFCAD7C71999231C00CCA3F7 /* SVGKImageView.h */ = {isa = PBXFileReference; fileEncoding = 4; lastKnownFileType = sourcecode.c.h; path = SVGKImageView.h; sourceTree = "<group>"; };
		AFCAD7C81999231C00CCA3F7 /* SVGKit.h */ = {isa = PBXFileReference; fileEncoding = 4; lastKnownFileType = sourcecode.c.h; path = SVGKit.h; sourceTree = "<group>"; };
		AFCAD7C91999231C00CCA3F7 /* SVGKLayer.h */ = {isa = PBXFileReference; fileEncoding = 4; lastKnownFileType = sourcecode.c.h; path = SVGKLayer.h; sourceTree = "<group>"; };
		AFCAD7CA1999231C00CCA3F7 /* SVGKLayeredImageView.h */ = {isa = PBXFileReference; fileEncoding = 4; lastKnownFileType = sourcecode.c.h; path = SVGKLayeredImageView.h; sourceTree = "<group>"; };
		AFCAD7CB1999231C00CCA3F7 /* SVGKParser.h */ = {isa = PBXFileReference; fileEncoding = 4; lastKnownFileType = sourcecode.c.h; path = SVGKParser.h; sourceTree = "<group>"; };
		AFCAD7CC1999231C00CCA3F7 /* SVGKParserDefsAndUse.h */ = {isa = PBXFileReference; fileEncoding = 4; lastKnownFileType = sourcecode.c.h; path = SVGKParserDefsAndUse.h; sourceTree = "<group>"; };
		AFCAD7CD1999231C00CCA3F7 /* SVGKParserDOM.h */ = {isa = PBXFileReference; fileEncoding = 4; lastKnownFileType = sourcecode.c.h; path = SVGKParserDOM.h; sourceTree = "<group>"; };
		AFCAD7CE1999231C00CCA3F7 /* SVGKParseResult.h */ = {isa = PBXFileReference; fileEncoding = 4; lastKnownFileType = sourcecode.c.h; path = SVGKParseResult.h; sourceTree = "<group>"; };
		AFCAD7CF1999231C00CCA3F7 /* SVGKParserExtension.h */ = {isa = PBXFileReference; fileEncoding = 4; lastKnownFileType = sourcecode.c.h; path = SVGKParserExtension.h; sourceTree = "<group>"; };
		AFCAD7D01999231C00CCA3F7 /* SVGKParserGradient.h */ = {isa = PBXFileReference; fileEncoding = 4; lastKnownFileType = sourcecode.c.h; path = SVGKParserGradient.h; sourceTree = "<group>"; };
		AFCAD7D11999231C00CCA3F7 /* SVGKParserPatternsAndGradients.h */ = {isa = PBXFileReference; fileEncoding = 4; lastKnownFileType = sourcecode.c.h; path = SVGKParserPatternsAndGradients.h; sourceTree = "<group>"; };
		AFCAD7D21999231C00CCA3F7 /* SVGKParserStyles.h */ = {isa = PBXFileReference; fileEncoding = 4; lastKnownFileType = sourcecode.c.h; path = SVGKParserStyles.h; sourceTree = "<group>"; };
		AFCAD7D31999231C00CCA3F7 /* SVGKParserSVG.h */ = {isa = PBXFileReference; fileEncoding = 4; lastKnownFileType = sourcecode.c.h; path = SVGKParserSVG.h; sourceTree = "<group>"; };
		AFCAD7D41999231C00CCA3F7 /* SVGKPattern.h */ = {isa = PBXFileReference; fileEncoding = 4; lastKnownFileType = sourcecode.c.h; path = SVGKPattern.h; sourceTree = "<group>"; };
		AFCAD7D51999231C00CCA3F7 /* SVGKPointsAndPathsParser.h */ = {isa = PBXFileReference; fileEncoding = 4; lastKnownFileType = sourcecode.c.h; path = SVGKPointsAndPathsParser.h; sourceTree = "<group>"; };
		AFCAD7D61999231C00CCA3F7 /* SVGKSource.h */ = {isa = PBXFileReference; fileEncoding = 4; lastKnownFileType = sourcecode.c.h; path = SVGKSource.h; sourceTree = "<group>"; };
		AFCAD7D71999231C00CCA3F7 /* SVGKSourceLocalFile.h */ = {isa = PBXFileReference; fileEncoding = 4; lastKnownFileType = sourcecode.c.h; path = SVGKSourceLocalFile.h; sourceTree = "<group>"; };
		AFCAD7D81999231C00CCA3F7 /* SVGKSourceString.h */ = {isa = PBXFileReference; fileEncoding = 4; lastKnownFileType = sourcecode.c.h; path = SVGKSourceString.h; sourceTree = "<group>"; };
		AFCAD7D91999231C00CCA3F7 /* SVGKSourceURL.h */ = {isa = PBXFileReference; fileEncoding = 4; lastKnownFileType = sourcecode.c.h; path = SVGKSourceURL.h; sourceTree = "<group>"; };
		AFCAD7DA1999231C00CCA3F7 /* SVGLength.h */ = {isa = PBXFileReference; fileEncoding = 4; lastKnownFileType = sourcecode.c.h; path = SVGLength.h; sourceTree = "<group>"; };
		AFCAD7DB1999231C00CCA3F7 /* SVGLineElement.h */ = {isa = PBXFileReference; fileEncoding = 4; lastKnownFileType = sourcecode.c.h; path = SVGLineElement.h; sourceTree = "<group>"; };
		AFCAD7DC1999231C00CCA3F7 /* SVGMatrix.h */ = {isa = PBXFileReference; fileEncoding = 4; lastKnownFileType = sourcecode.c.h; path = SVGMatrix.h; sourceTree = "<group>"; };
		AFCAD7DD1999231C00CCA3F7 /* SVGNumber.h */ = {isa = PBXFileReference; fileEncoding = 4; lastKnownFileType = sourcecode.c.h; path = SVGNumber.h; sourceTree = "<group>"; };
		AFCAD7DE1999231C00CCA3F7 /* SVGPathElement.h */ = {isa = PBXFileReference; fileEncoding = 4; lastKnownFileType = sourcecode.c.h; path = SVGPathElement.h; sourceTree = "<group>"; };
		AFCAD7DF1999231C00CCA3F7 /* SVGPoint.h */ = {isa = PBXFileReference; fileEncoding = 4; lastKnownFileType = sourcecode.c.h; path = SVGPoint.h; sourceTree = "<group>"; };
		AFCAD7E01999231C00CCA3F7 /* SVGPolygonElement.h */ = {isa = PBXFileReference; fileEncoding = 4; lastKnownFileType = sourcecode.c.h; path = SVGPolygonElement.h; sourceTree = "<group>"; };
		AFCAD7E11999231C00CCA3F7 /* SVGPolylineElement.h */ = {isa = PBXFileReference; fileEncoding = 4; lastKnownFileType = sourcecode.c.h; path = SVGPolylineElement.h; sourceTree = "<group>"; };
		AFCAD7E21999231C00CCA3F7 /* SVGPreserveAspectRatio.h */ = {isa = PBXFileReference; fileEncoding = 4; lastKnownFileType = sourcecode.c.h; path = SVGPreserveAspectRatio.h; sourceTree = "<group>"; };
		AFCAD7E31999231C00CCA3F7 /* SVGRect.h */ = {isa = PBXFileReference; fileEncoding = 4; lastKnownFileType = sourcecode.c.h; path = SVGRect.h; sourceTree = "<group>"; };
		AFCAD7E41999231C00CCA3F7 /* SVGRectElement.h */ = {isa = PBXFileReference; fileEncoding = 4; lastKnownFileType = sourcecode.c.h; path = SVGRectElement.h; sourceTree = "<group>"; };
		AFCAD7E51999231C00CCA3F7 /* SVGStylable.h */ = {isa = PBXFileReference; fileEncoding = 4; lastKnownFileType = sourcecode.c.h; path = SVGStylable.h; sourceTree = "<group>"; };
		AFCAD7E61999231C00CCA3F7 /* SVGStyleCatcher.h */ = {isa = PBXFileReference; fileEncoding = 4; lastKnownFileType = sourcecode.c.h; path = SVGStyleCatcher.h; sourceTree = "<group>"; };
		AFCAD7E71999231C00CCA3F7 /* SVGStyleElement.h */ = {isa = PBXFileReference; fileEncoding = 4; lastKnownFileType = sourcecode.c.h; path = SVGStyleElement.h; sourceTree = "<group>"; };
		AFCAD7E81999231C00CCA3F7 /* SVGSVGElement.h */ = {isa = PBXFileReference; fileEncoding = 4; lastKnownFileType = sourcecode.c.h; path = SVGSVGElement.h; sourceTree = "<group>"; };
		AFCAD7E91999231C00CCA3F7 /* SVGSVGElement_Mutable.h */ = {isa = PBXFileReference; fileEncoding = 4; lastKnownFileType = sourcecode.c.h; path = SVGSVGElement_Mutable.h; sourceTree = "<group>"; };
		AFCAD7EA1999231C00CCA3F7 /* SVGTextContentElement.h */ = {isa = PBXFileReference; fileEncoding = 4; lastKnownFileType = sourcecode.c.h; path = SVGTextContentElement.h; sourceTree = "<group>"; };
		AFCAD7EB1999231C00CCA3F7 /* SVGTextElement.h */ = {isa = PBXFileReference; fileEncoding = 4; lastKnownFileType = sourcecode.c.h; path = SVGTextElement.h; sourceTree = "<group>"; };
		AFCAD7EC1999231C00CCA3F7 /* SVGTextPositioningElement.h */ = {isa = PBXFileReference; fileEncoding = 4; lastKnownFileType = sourcecode.c.h; path = SVGTextPositioningElement.h; sourceTree = "<group>"; };
		AFCAD7ED1999231C00CCA3F7 /* SVGTextPositioningElement_Mutable.h */ = {isa = PBXFileReference; fileEncoding = 4; lastKnownFileType = sourcecode.c.h; path = SVGTextPositioningElement_Mutable.h; sourceTree = "<group>"; };
		AFCAD7EE1999231C00CCA3F7 /* SVGTitleElement.h */ = {isa = PBXFileReference; fileEncoding = 4; lastKnownFileType = sourcecode.c.h; path = SVGTitleElement.h; sourceTree = "<group>"; };
		AFCAD7EF1999231C00CCA3F7 /* SVGTransform.h */ = {isa = PBXFileReference; fileEncoding = 4; lastKnownFileType = sourcecode.c.h; path = SVGTransform.h; sourceTree = "<group>"; };
		AFCAD7F01999231C00CCA3F7 /* SVGTransformable.h */ = {isa = PBXFileReference; fileEncoding = 4; lastKnownFileType = sourcecode.c.h; path = SVGTransformable.h; sourceTree = "<group>"; };
		AFCAD7F11999231C00CCA3F7 /* SVGUseElement.h */ = {isa = PBXFileReference; fileEncoding = 4; lastKnownFileType = sourcecode.c.h; path = SVGUseElement.h; sourceTree = "<group>"; };
		AFCAD7F21999231C00CCA3F7 /* SVGUseElement_Mutable.h */ = {isa = PBXFileReference; fileEncoding = 4; lastKnownFileType = sourcecode.c.h; path = SVGUseElement_Mutable.h; sourceTree = "<group>"; };
		AFCAD7F31999231C00CCA3F7 /* SVGUtils.h */ = {isa = PBXFileReference; fileEncoding = 4; lastKnownFileType = sourcecode.c.h; path = SVGUtils.h; sourceTree = "<group>"; };
		AFCAD7F41999231C00CCA3F7 /* SVGViewSpec.h */ = {isa = PBXFileReference; fileEncoding = 4; lastKnownFileType = sourcecode.c.h; path = SVGViewSpec.h; sourceTree = "<group>"; };
		AFCAD7F51999231C00CCA3F7 /* Text.h */ = {isa = PBXFileReference; fileEncoding = 4; lastKnownFileType = sourcecode.c.h; path = Text.h; sourceTree = "<group>"; };
		AFCAD7F71999234F00CCA3F7 /* CoreText.framework */ = {isa = PBXFileReference; lastKnownFileType = wrapper.framework; name = CoreText.framework; path = System/Library/Frameworks/CoreText.framework; sourceTree = SDKROOT; };
		AFCAD7F91999235500CCA3F7 /* CoreImage.framework */ = {isa = PBXFileReference; lastKnownFileType = wrapper.framework; name = CoreImage.framework; path = System/Library/Frameworks/CoreImage.framework; sourceTree = SDKROOT; };
		AFCAD7FB1999235900CCA3F7 /* libxml2.dylib */ = {isa = PBXFileReference; lastKnownFileType = "compiled.mach-o.dylib"; name = libxml2.dylib; path = usr/lib/libxml2.dylib; sourceTree = SDKROOT; };
		AFCAD7FD1999235E00CCA3F7 /* QuartzCore.framework */ = {isa = PBXFileReference; lastKnownFileType = wrapper.framework; name = QuartzCore.framework; path = System/Library/Frameworks/QuartzCore.framework; sourceTree = SDKROOT; };
		AFCAD7FF1999236300CCA3F7 /* CoreGraphics.framework */ = {isa = PBXFileReference; lastKnownFileType = wrapper.framework; name = CoreGraphics.framework; path = System/Library/Frameworks/CoreGraphics.framework; sourceTree = SDKROOT; };
		AFCAD8011999236700CCA3F7 /* UIKit.framework */ = {isa = PBXFileReference; lastKnownFileType = wrapper.framework; name = UIKit.framework; path = System/Library/Frameworks/UIKit.framework; sourceTree = SDKROOT; };
/* End PBXFileReference section */

/* Begin PBXFrameworksBuildPhase section */
		340C38A9197ADE16004D9332 /* Frameworks */ = {
			isa = PBXFrameworksBuildPhase;
			buildActionMask = 2147483647;
			files = (
				AF52FE2E1992D51F007221A3 /* AudioToolbox.framework in Frameworks */,
				AF52FE2C1992D51B007221A3 /* AVFoundation.framework in Frameworks */,
				AFA19B18199E655A00EC51E5 /* CFNetwork.framework in Frameworks */,
				AFCAD8001999236300CCA3F7 /* CoreGraphics.framework in Frameworks */,
				AFCAD7FA1999235500CCA3F7 /* CoreImage.framework in Frameworks */,
				AFA19B1A199E656400EC51E5 /* CoreLocation.framework in Frameworks */,
				AFCAD7F81999234F00CCA3F7 /* CoreText.framework in Frameworks */,
				AF52FE301992D524007221A3 /* GLKit.framework in Frameworks */,
				AFCAD7FC1999235900CCA3F7 /* libxml2.dylib in Frameworks */,
				AFA19B1C199E656F00EC51E5 /* libz.dylib in Frameworks */,
				AFA19B1E199E657C00EC51E5 /* MobileCoreServices.framework in Frameworks */,
				AFA19B16199E653800EC51E5 /* Parse.framework in Frameworks */,
				AFCAD7FE1999235E00CCA3F7 /* QuartzCore.framework in Frameworks */,
				AFA19B20199E658500EC51E5 /* Security.framework in Frameworks */,
				AFA19B22199E658C00EC51E5 /* StoreKit.framework in Frameworks */,
				AFA19B24199E659300EC51E5 /* SystemConfiguration.framework in Frameworks */,
				AFCAD8021999236700CCA3F7 /* UIKit.framework in Frameworks */,
			);
			runOnlyForDeploymentPostprocessing = 0;
		};
		340C38BB197ADE16004D9332 /* Frameworks */ = {
			isa = PBXFrameworksBuildPhase;
			buildActionMask = 2147483647;
			files = (
			);
			runOnlyForDeploymentPostprocessing = 0;
		};
/* End PBXFrameworksBuildPhase section */

/* Begin PBXGroup section */
		340C38A3197ADE16004D9332 = {
			isa = PBXGroup;
			children = (
				AFA19B23199E659300EC51E5 /* SystemConfiguration.framework */,
				AFA19B21199E658C00EC51E5 /* StoreKit.framework */,
				AFA19B1F199E658500EC51E5 /* Security.framework */,
				AFA19B1D199E657C00EC51E5 /* MobileCoreServices.framework */,
				AFA19B1B199E656F00EC51E5 /* libz.dylib */,
				AFA19B19199E656400EC51E5 /* CoreLocation.framework */,
				AFA19B17199E655A00EC51E5 /* CFNetwork.framework */,
				AFCAD8031999239C00CCA3F7 /* Libs */,
				340C38AE197ADE16004D9332 /* Tuneful */,
				340C38C1197ADE16004D9332 /* TunefulTests */,
				340C38AD197ADE16004D9332 /* Products */,
			);
			sourceTree = "<group>";
		};
		340C38AD197ADE16004D9332 /* Products */ = {
			isa = PBXGroup;
			children = (
				340C38AC197ADE16004D9332 /* Tuneful.app */,
				340C38BE197ADE16004D9332 /* TunefulTests.xctest */,
			);
			name = Products;
			sourceTree = "<group>";
		};
		340C38AE197ADE16004D9332 /* Tuneful */ = {
			isa = PBXGroup;
			children = (
				AF52FDAC1992CF9C007221A3 /* Tuneful-Bridging-Header.h */,
				340C38B1197ADE16004D9332 /* AppDelegate.swift */,
				340C38B3197ADE16004D9332 /* ViewController.swift */,
				AF30AED619881A9B0083BD54 /* AudioTable.swift */,
				AFA19B13199E62B900EC51E5 /* AudioLibrary.swift */,
				AF299D591986B63C00966930 /* Audio.swift */,
				34F075B7197AE549004E819E /* Recorder.swift */,
				340C38B5197ADE16004D9332 /* Main.storyboard */,
				340C38B8197ADE16004D9332 /* Images.xcassets */,
				340C38AF197ADE16004D9332 /* Supporting Files */,
			);
			path = Tuneful;
			sourceTree = "<group>";
		};
		340C38AF197ADE16004D9332 /* Supporting Files */ = {
			isa = PBXGroup;
			children = (
				3478DD44197C229E006B654E /* fox.mp3 */,
				340C38B0197ADE16004D9332 /* Info.plist */,
			);
			name = "Supporting Files";
			sourceTree = "<group>";
		};
		340C38C1197ADE16004D9332 /* TunefulTests */ = {
			isa = PBXGroup;
			children = (
				340C38C4197ADE16004D9332 /* TunefulTests.swift */,
				340C38C2197ADE16004D9332 /* Supporting Files */,
			);
			path = TunefulTests;
			sourceTree = "<group>";
		};
		340C38C2197ADE16004D9332 /* Supporting Files */ = {
			isa = PBXGroup;
			children = (
				340C38C3197ADE16004D9332 /* Info.plist */,
			);
			name = "Supporting Files";
			sourceTree = "<group>";
		};
		AF4EBDC91992CDE400C56EBC /* Extensions */ = {
			isa = PBXGroup;
			children = (
				AF48F6A519919913007DC5EF /* StringExtension.swift */,
				AF48F6A719919923007DC5EF /* UIColorExtension.swift */,
			);
			name = Extensions;
			sourceTree = "<group>";
		};
		AF52FE021992D2FB007221A3 /* EZAudio */ = {
			isa = PBXGroup;
			children = (
				AF52FE311992D5F7007221A3 /* Tuneful-Prefix.pch */,
				AF52FE281992D4DA007221A3 /* EZPlot.h */,
				AF52FE291992D4DA007221A3 /* EZPlot.m */,
				AF52FE251992D480007221A3 /* EZAudio.h */,
				AF52FE261992D480007221A3 /* EZAudio.m */,
				AF52FE031992D2FB007221A3 /* AEFloatConverter.h */,
				AF52FE041992D2FB007221A3 /* AEFloatConverter.m */,
				AF52FE051992D2FB007221A3 /* EZAudioFile.h */,
				AF52FE061992D2FB007221A3 /* EZAudioFile.m */,
				AF52FE071992D2FB007221A3 /* EZAudioPlayer.h */,
				AF52FE081992D2FB007221A3 /* EZAudioPlayer.m */,
				AF52FE091992D2FB007221A3 /* EZAudioPlot.h */,
				AF52FE0A1992D2FB007221A3 /* EZAudioPlot.m */,
				AF52FE0B1992D2FB007221A3 /* EZAudioPlotGL.h */,
				AF52FE0C1992D2FB007221A3 /* EZAudioPlotGL.m */,
				AF52FE0D1992D2FB007221A3 /* EZAudioPlotGLKViewController.h */,
				AF52FE0E1992D2FB007221A3 /* EZAudioPlotGLKViewController.m */,
				AF52FE0F1992D2FB007221A3 /* EZMicrophone.h */,
				AF52FE101992D2FB007221A3 /* EZMicrophone.m */,
				AF52FE111992D2FB007221A3 /* EZOutput.h */,
				AF52FE121992D2FB007221A3 /* EZOutput.m */,
				AF52FE151992D2FB007221A3 /* EZRecorder.h */,
				AF52FE161992D2FB007221A3 /* EZRecorder.m */,
				AF52FE171992D2FB007221A3 /* TPCircularBuffer.c */,
				AF52FE181992D2FB007221A3 /* TPCircularBuffer.h */,
				AF52FE191992D2FB007221A3 /* VERSION */,
			);
			name = EZAudio;
			path = Tuneful/EZAudio;
			sourceTree = "<group>";
		};
		AF52FE191992D2FB007221A3 /* VERSION */ = {
			isa = PBXGroup;
			children = (
			);
			path = VERSION;
			sourceTree = "<group>";
		};
		AFCAD7761999231C00CCA3F7 /* usr */ = {
			isa = PBXGroup;
			children = (
				AFCAD7771999231C00CCA3F7 /* local */,
			);
			path = usr;
			sourceTree = "<group>";
		};
		AFCAD7771999231C00CCA3F7 /* local */ = {
			isa = PBXGroup;
			children = (
				AFCAD7781999231C00CCA3F7 /* include */,
			);
			path = local;
			sourceTree = "<group>";
		};
		AFCAD7781999231C00CCA3F7 /* include */ = {
			isa = PBXGroup;
			children = (
				AFCAD7791999231C00CCA3F7 /* AppleSucksDOMImplementation.h */,
				AFCAD77A1999231C00CCA3F7 /* Attr.h */,
				AFCAD77B1999231C00CCA3F7 /* BaseClassForAllSVGBasicShapes.h */,
				AFCAD77C1999231C00CCA3F7 /* BaseClassForAllSVGBasicShapes_ForSubclasses.h */,
				AFCAD77D1999231C00CCA3F7 /* CALayer+RecursiveClone.h */,
				AFCAD77E1999231C00CCA3F7 /* CALayerExporter.h */,
				AFCAD77F1999231C00CCA3F7 /* CALayerWithChildHitTest.h */,
				AFCAD7801999231C00CCA3F7 /* CAShapeLayerWithHitTest.h */,
				AFCAD7811999231C00CCA3F7 /* CDATASection.h */,
				AFCAD7821999231C00CCA3F7 /* CGPathAdditions.h */,
				AFCAD7831999231C00CCA3F7 /* CharacterData.h */,
				AFCAD7841999231C00CCA3F7 /* Comment.h */,
				AFCAD7851999231C00CCA3F7 /* ContextFilterLogFormatter.h */,
				AFCAD7861999231C00CCA3F7 /* ConverterSVGToCALayer.h */,
				AFCAD7871999231C00CCA3F7 /* CSSPrimitiveValue.h */,
				AFCAD7881999231C00CCA3F7 /* CSSRule.h */,
				AFCAD7891999231C00CCA3F7 /* CSSRuleList+Mutable.h */,
				AFCAD78A1999231C00CCA3F7 /* CSSRuleList.h */,
				AFCAD78B1999231C00CCA3F7 /* CSSStyleDeclaration.h */,
				AFCAD78C1999231C00CCA3F7 /* CSSStyleRule.h */,
				AFCAD78D1999231C00CCA3F7 /* CSSStyleSheet.h */,
				AFCAD78E1999231C00CCA3F7 /* CSSValue.h */,
				AFCAD78F1999231C00CCA3F7 /* CSSValue_ForSubclasses.h */,
				AFCAD7901999231C00CCA3F7 /* CSSValueList.h */,
				AFCAD7911999231C00CCA3F7 /* DDAbstractDatabaseLogger.h */,
				AFCAD7921999231C00CCA3F7 /* DDASLLogger.h */,
				AFCAD7931999231C00CCA3F7 /* DDFileLogger.h */,
				AFCAD7941999231C00CCA3F7 /* DDLog.h */,
				AFCAD7951999231C00CCA3F7 /* DDTTYLogger.h */,
				AFCAD7961999231C00CCA3F7 /* DispatchQueueLogFormatter.h */,
				AFCAD7971999231C00CCA3F7 /* Document+Mutable.h */,
				AFCAD7981999231C00CCA3F7 /* Document.h */,
				AFCAD7991999231C00CCA3F7 /* DocumentCSS.h */,
				AFCAD79A1999231C00CCA3F7 /* DocumentFragment.h */,
				AFCAD79B1999231C00CCA3F7 /* DocumentStyle.h */,
				AFCAD79C1999231C00CCA3F7 /* DocumentType.h */,
				AFCAD79D1999231C00CCA3F7 /* DOMGlobalSettings.h */,
				AFCAD79E1999231C00CCA3F7 /* DOMHelperUtilities.h */,
				AFCAD79F1999231C00CCA3F7 /* Element.h */,
				AFCAD7A01999231C00CCA3F7 /* EntityReference.h */,
				AFCAD7A11999231C00CCA3F7 /* MediaList.h */,
				AFCAD7A21999231C00CCA3F7 /* NamedNodeMap.h */,
				AFCAD7A31999231C00CCA3F7 /* NamedNodeMap_Iterable.h */,
				AFCAD7A41999231C00CCA3F7 /* Node+Mutable.h */,
				AFCAD7A51999231C00CCA3F7 /* Node.h */,
				AFCAD7A61999231C00CCA3F7 /* NodeList+Mutable.h */,
				AFCAD7A71999231C00CCA3F7 /* NodeList.h */,
				AFCAD7A81999231C00CCA3F7 /* NSCharacterSet+SVGKExtensions.h */,
				AFCAD7A91999231C00CCA3F7 /* ProcessingInstruction.h */,
				AFCAD7AA1999231C00CCA3F7 /* StyleSheet.h */,
				AFCAD7AB1999231C00CCA3F7 /* StyleSheetList.h */,
				AFCAD7AC1999231C00CCA3F7 /* SVGAngle.h */,
				AFCAD7AD1999231C00CCA3F7 /* SVGAnimatedPreserveAspectRatio.h */,
				AFCAD7AE1999231C00CCA3F7 /* SVGCircleElement.h */,
				AFCAD7AF1999231C00CCA3F7 /* SVGDefsElement.h */,
				AFCAD7B01999231C00CCA3F7 /* SVGDescriptionElement.h */,
				AFCAD7B11999231C00CCA3F7 /* SVGDocument.h */,
				AFCAD7B21999231C00CCA3F7 /* SVGDocument_Mutable.h */,
				AFCAD7B31999231C00CCA3F7 /* SVGElement.h */,
				AFCAD7B41999231C00CCA3F7 /* SVGElement_ForParser.h */,
				AFCAD7B51999231C00CCA3F7 /* SVGElementInstance.h */,
				AFCAD7B61999231C00CCA3F7 /* SVGElementInstance_Mutable.h */,
				AFCAD7B71999231C00CCA3F7 /* SVGElementInstanceList.h */,
				AFCAD7B81999231C00CCA3F7 /* SVGElementInstanceList_Internal.h */,
				AFCAD7B91999231C00CCA3F7 /* SVGEllipseElement.h */,
				AFCAD7BA1999231C00CCA3F7 /* SVGFitToViewBox.h */,
				AFCAD7BB1999231C00CCA3F7 /* SVGGElement.h */,
				AFCAD7BC1999231C00CCA3F7 /* SVGGradientElement.h */,
				AFCAD7BD1999231C00CCA3F7 /* SVGGradientLayer.h */,
				AFCAD7BE1999231C00CCA3F7 /* SVGGradientStop.h */,
				AFCAD7BF1999231C00CCA3F7 /* SVGGroupElement.h */,
				AFCAD7C01999231C00CCA3F7 /* SVGHelperUtilities.h */,
				AFCAD7C11999231C00CCA3F7 /* SVGImageElement.h */,
				AFCAD7C21999231C00CCA3F7 /* SVGKExporterNSData.h */,
				AFCAD7C31999231C00CCA3F7 /* SVGKExporterUIImage.h */,
				AFCAD7C41999231C00CCA3F7 /* SVGKFastImageView.h */,
				AFCAD7C51999231C00CCA3F7 /* SVGKImage+CGContext.h */,
				AFCAD7C61999231C00CCA3F7 /* SVGKImage.h */,
				AFCAD7C71999231C00CCA3F7 /* SVGKImageView.h */,
				AFCAD7C81999231C00CCA3F7 /* SVGKit.h */,
				AFCAD7C91999231C00CCA3F7 /* SVGKLayer.h */,
				AFCAD7CA1999231C00CCA3F7 /* SVGKLayeredImageView.h */,
				AFCAD7CB1999231C00CCA3F7 /* SVGKParser.h */,
				AFCAD7CC1999231C00CCA3F7 /* SVGKParserDefsAndUse.h */,
				AFCAD7CD1999231C00CCA3F7 /* SVGKParserDOM.h */,
				AFCAD7CE1999231C00CCA3F7 /* SVGKParseResult.h */,
				AFCAD7CF1999231C00CCA3F7 /* SVGKParserExtension.h */,
				AFCAD7D01999231C00CCA3F7 /* SVGKParserGradient.h */,
				AFCAD7D11999231C00CCA3F7 /* SVGKParserPatternsAndGradients.h */,
				AFCAD7D21999231C00CCA3F7 /* SVGKParserStyles.h */,
				AFCAD7D31999231C00CCA3F7 /* SVGKParserSVG.h */,
				AFCAD7D41999231C00CCA3F7 /* SVGKPattern.h */,
				AFCAD7D51999231C00CCA3F7 /* SVGKPointsAndPathsParser.h */,
				AFCAD7D61999231C00CCA3F7 /* SVGKSource.h */,
				AFCAD7D71999231C00CCA3F7 /* SVGKSourceLocalFile.h */,
				AFCAD7D81999231C00CCA3F7 /* SVGKSourceString.h */,
				AFCAD7D91999231C00CCA3F7 /* SVGKSourceURL.h */,
				AFCAD7DA1999231C00CCA3F7 /* SVGLength.h */,
				AFCAD7DB1999231C00CCA3F7 /* SVGLineElement.h */,
				AFCAD7DC1999231C00CCA3F7 /* SVGMatrix.h */,
				AFCAD7DD1999231C00CCA3F7 /* SVGNumber.h */,
				AFCAD7DE1999231C00CCA3F7 /* SVGPathElement.h */,
				AFCAD7DF1999231C00CCA3F7 /* SVGPoint.h */,
				AFCAD7E01999231C00CCA3F7 /* SVGPolygonElement.h */,
				AFCAD7E11999231C00CCA3F7 /* SVGPolylineElement.h */,
				AFCAD7E21999231C00CCA3F7 /* SVGPreserveAspectRatio.h */,
				AFCAD7E31999231C00CCA3F7 /* SVGRect.h */,
				AFCAD7E41999231C00CCA3F7 /* SVGRectElement.h */,
				AFCAD7E51999231C00CCA3F7 /* SVGStylable.h */,
				AFCAD7E61999231C00CCA3F7 /* SVGStyleCatcher.h */,
				AFCAD7E71999231C00CCA3F7 /* SVGStyleElement.h */,
				AFCAD7E81999231C00CCA3F7 /* SVGSVGElement.h */,
				AFCAD7E91999231C00CCA3F7 /* SVGSVGElement_Mutable.h */,
				AFCAD7EA1999231C00CCA3F7 /* SVGTextContentElement.h */,
				AFCAD7EB1999231C00CCA3F7 /* SVGTextElement.h */,
				AFCAD7EC1999231C00CCA3F7 /* SVGTextPositioningElement.h */,
				AFCAD7ED1999231C00CCA3F7 /* SVGTextPositioningElement_Mutable.h */,
				AFCAD7EE1999231C00CCA3F7 /* SVGTitleElement.h */,
				AFCAD7EF1999231C00CCA3F7 /* SVGTransform.h */,
				AFCAD7F01999231C00CCA3F7 /* SVGTransformable.h */,
				AFCAD7F11999231C00CCA3F7 /* SVGUseElement.h */,
				AFCAD7F21999231C00CCA3F7 /* SVGUseElement_Mutable.h */,
				AFCAD7F31999231C00CCA3F7 /* SVGUtils.h */,
				AFCAD7F41999231C00CCA3F7 /* SVGViewSpec.h */,
				AFCAD7F51999231C00CCA3F7 /* Text.h */,
			);
			path = include;
			sourceTree = "<group>";
		};
		AFCAD8031999239C00CCA3F7 /* Libs */ = {
			isa = PBXGroup;
			children = (
				AFA19B15199E653800EC51E5 /* Parse.framework */,
				AF4EBDC91992CDE400C56EBC /* Extensions */,
				AFCAD8011999236700CCA3F7 /* UIKit.framework */,
				AFCAD7FF1999236300CCA3F7 /* CoreGraphics.framework */,
				AFCAD7FD1999235E00CCA3F7 /* QuartzCore.framework */,
				AFCAD7FB1999235900CCA3F7 /* libxml2.dylib */,
				AFCAD7F91999235500CCA3F7 /* CoreImage.framework */,
				AFCAD7F71999234F00CCA3F7 /* CoreText.framework */,
				AFCAD7761999231C00CCA3F7 /* usr */,
				AF52FE2F1992D524007221A3 /* GLKit.framework */,
				AF52FE2D1992D51F007221A3 /* AudioToolbox.framework */,
				AF52FE2B1992D51B007221A3 /* AVFoundation.framework */,
				AF52FE021992D2FB007221A3 /* EZAudio */,
			);
			name = Libs;
			sourceTree = "<group>";
		};
/* End PBXGroup section */

/* Begin PBXNativeTarget section */
		340C38AB197ADE16004D9332 /* Tuneful */ = {
			isa = PBXNativeTarget;
			buildConfigurationList = 340C38C8197ADE16004D9332 /* Build configuration list for PBXNativeTarget "Tuneful" */;
			buildPhases = (
				340C38A8197ADE16004D9332 /* Sources */,
				340C38A9197ADE16004D9332 /* Frameworks */,
				340C38AA197ADE16004D9332 /* Resources */,
			);
			buildRules = (
			);
			dependencies = (
			);
			name = Tuneful;
			productName = Tuneful;
			productReference = 340C38AC197ADE16004D9332 /* Tuneful.app */;
			productType = "com.apple.product-type.application";
		};
		340C38BD197ADE16004D9332 /* TunefulTests */ = {
			isa = PBXNativeTarget;
			buildConfigurationList = 340C38CB197ADE16004D9332 /* Build configuration list for PBXNativeTarget "TunefulTests" */;
			buildPhases = (
				340C38BA197ADE16004D9332 /* Sources */,
				340C38BB197ADE16004D9332 /* Frameworks */,
				340C38BC197ADE16004D9332 /* Resources */,
			);
			buildRules = (
			);
			dependencies = (
				340C38C0197ADE16004D9332 /* PBXTargetDependency */,
			);
			name = TunefulTests;
			productName = TunefulTests;
			productReference = 340C38BE197ADE16004D9332 /* TunefulTests.xctest */;
			productType = "com.apple.product-type.bundle.unit-test";
		};
/* End PBXNativeTarget section */

/* Begin PBXProject section */
		340C38A4197ADE16004D9332 /* Project object */ = {
			isa = PBXProject;
			attributes = {
				LastUpgradeCheck = 0600;
				ORGANIZATIONNAME = "Kevin Scott";
				TargetAttributes = {
					340C38AB197ADE16004D9332 = {
						CreatedOnToolsVersion = 6.0;
					};
					340C38BD197ADE16004D9332 = {
						CreatedOnToolsVersion = 6.0;
						TestTargetID = 340C38AB197ADE16004D9332;
					};
				};
			};
			buildConfigurationList = 340C38A7197ADE16004D9332 /* Build configuration list for PBXProject "Tuneful" */;
			compatibilityVersion = "Xcode 3.2";
			developmentRegion = English;
			hasScannedForEncodings = 0;
			knownRegions = (
				en,
				Base,
			);
			mainGroup = 340C38A3197ADE16004D9332;
			productRefGroup = 340C38AD197ADE16004D9332 /* Products */;
			projectDirPath = "";
			projectRoot = "";
			targets = (
				340C38AB197ADE16004D9332 /* Tuneful */,
				340C38BD197ADE16004D9332 /* TunefulTests */,
			);
		};
/* End PBXProject section */

/* Begin PBXResourcesBuildPhase section */
		340C38AA197ADE16004D9332 /* Resources */ = {
			isa = PBXResourcesBuildPhase;
			buildActionMask = 2147483647;
			files = (
				3478DD45197C229E006B654E /* fox.mp3 in Resources */,
				340C38B7197ADE16004D9332 /* Main.storyboard in Resources */,
				340C38B9197ADE16004D9332 /* Images.xcassets in Resources */,
			);
			runOnlyForDeploymentPostprocessing = 0;
		};
		340C38BC197ADE16004D9332 /* Resources */ = {
			isa = PBXResourcesBuildPhase;
			buildActionMask = 2147483647;
			files = (
			);
			runOnlyForDeploymentPostprocessing = 0;
		};
/* End PBXResourcesBuildPhase section */

/* Begin PBXSourcesBuildPhase section */
		340C38A8197ADE16004D9332 /* Sources */ = {
			isa = PBXSourcesBuildPhase;
			buildActionMask = 2147483647;
			files = (
				AF52FE271992D480007221A3 /* EZAudio.m in Sources */,
				AF52FE1F1992D2FB007221A3 /* EZAudioPlotGLKViewController.m in Sources */,
				AF52FE2A1992D4DA007221A3 /* EZPlot.m in Sources */,
				34F075B8197AE549004E819E /* Recorder.swift in Sources */,
				AF52FE1D1992D2FB007221A3 /* EZAudioPlot.m in Sources */,
				AF52FE1E1992D2FB007221A3 /* EZAudioPlotGL.m in Sources */,
				AF30AED719881A9B0083BD54 /* AudioTable.swift in Sources */,
				AF52FE211992D2FB007221A3 /* EZOutput.m in Sources */,
				340C38B4197ADE16004D9332 /* ViewController.swift in Sources */,
				AF52FE1B1992D2FB007221A3 /* EZAudioFile.m in Sources */,
				AF48F6A619919913007DC5EF /* StringExtension.swift in Sources */,
				AF52FE231992D2FB007221A3 /* EZRecorder.m in Sources */,
				AFA19B14199E62B900EC51E5 /* AudioLibrary.swift in Sources */,
				AF52FE1A1992D2FB007221A3 /* AEFloatConverter.m in Sources */,
				AF48F6A819919923007DC5EF /* UIColorExtension.swift in Sources */,
				AF52FE1C1992D2FB007221A3 /* EZAudioPlayer.m in Sources */,
				AF52FE201992D2FB007221A3 /* EZMicrophone.m in Sources */,
				340C38B2197ADE16004D9332 /* AppDelegate.swift in Sources */,
				AF52FE241992D2FB007221A3 /* TPCircularBuffer.c in Sources */,
				AF299D5A1986B63C00966930 /* Audio.swift in Sources */,
			);
			runOnlyForDeploymentPostprocessing = 0;
		};
		340C38BA197ADE16004D9332 /* Sources */ = {
			isa = PBXSourcesBuildPhase;
			buildActionMask = 2147483647;
			files = (
				340C38C5197ADE16004D9332 /* TunefulTests.swift in Sources */,
			);
			runOnlyForDeploymentPostprocessing = 0;
		};
/* End PBXSourcesBuildPhase section */

/* Begin PBXTargetDependency section */
		340C38C0197ADE16004D9332 /* PBXTargetDependency */ = {
			isa = PBXTargetDependency;
			target = 340C38AB197ADE16004D9332 /* Tuneful */;
			targetProxy = 340C38BF197ADE16004D9332 /* PBXContainerItemProxy */;
		};
/* End PBXTargetDependency section */

/* Begin PBXVariantGroup section */
		340C38B5197ADE16004D9332 /* Main.storyboard */ = {
			isa = PBXVariantGroup;
			children = (
				340C38B6197ADE16004D9332 /* Base */,
			);
			name = Main.storyboard;
			sourceTree = "<group>";
		};
/* End PBXVariantGroup section */

/* Begin XCBuildConfiguration section */
		340C38C6197ADE16004D9332 /* Debug */ = {
			isa = XCBuildConfiguration;
			buildSettings = {
				ALWAYS_SEARCH_USER_PATHS = NO;
				CLANG_CXX_LANGUAGE_STANDARD = "gnu++0x";
				CLANG_CXX_LIBRARY = "libc++";
				CLANG_ENABLE_MODULES = YES;
				CLANG_ENABLE_OBJC_ARC = YES;
				CLANG_WARN_BOOL_CONVERSION = YES;
				CLANG_WARN_CONSTANT_CONVERSION = YES;
				CLANG_WARN_DIRECT_OBJC_ISA_USAGE = YES_ERROR;
				CLANG_WARN_EMPTY_BODY = YES;
				CLANG_WARN_ENUM_CONVERSION = YES;
				CLANG_WARN_INT_CONVERSION = YES;
				CLANG_WARN_OBJC_ROOT_CLASS = YES_ERROR;
				CLANG_WARN_UNREACHABLE_CODE = YES;
				CLANG_WARN__DUPLICATE_METHOD_MATCH = YES;
				"CODE_SIGN_IDENTITY[sdk=iphoneos*]" = "iPhone Developer";
				COPY_PHASE_STRIP = NO;
				ENABLE_STRICT_OBJC_MSGSEND = YES;
				GCC_C_LANGUAGE_STANDARD = gnu99;
				GCC_DYNAMIC_NO_PIC = NO;
				GCC_OPTIMIZATION_LEVEL = 0;
				GCC_PREPROCESSOR_DEFINITIONS = (
					"DEBUG=1",
					"$(inherited)",
				);
				GCC_SYMBOLS_PRIVATE_EXTERN = NO;
				GCC_WARN_64_TO_32_BIT_CONVERSION = YES;
				GCC_WARN_ABOUT_RETURN_TYPE = YES_ERROR;
				GCC_WARN_UNDECLARED_SELECTOR = YES;
				GCC_WARN_UNINITIALIZED_AUTOS = YES_AGGRESSIVE;
				GCC_WARN_UNUSED_FUNCTION = YES;
				GCC_WARN_UNUSED_VARIABLE = YES;
				IPHONEOS_DEPLOYMENT_TARGET = 8.0;
				MTL_ENABLE_DEBUG_INFO = YES;
				ONLY_ACTIVE_ARCH = YES;
				SDKROOT = iphoneos;
				SWIFT_OPTIMIZATION_LEVEL = "-Onone";
			};
			name = Debug;
		};
		340C38C7197ADE16004D9332 /* Release */ = {
			isa = XCBuildConfiguration;
			buildSettings = {
				ALWAYS_SEARCH_USER_PATHS = NO;
				CLANG_CXX_LANGUAGE_STANDARD = "gnu++0x";
				CLANG_CXX_LIBRARY = "libc++";
				CLANG_ENABLE_MODULES = YES;
				CLANG_ENABLE_OBJC_ARC = YES;
				CLANG_WARN_BOOL_CONVERSION = YES;
				CLANG_WARN_CONSTANT_CONVERSION = YES;
				CLANG_WARN_DIRECT_OBJC_ISA_USAGE = YES_ERROR;
				CLANG_WARN_EMPTY_BODY = YES;
				CLANG_WARN_ENUM_CONVERSION = YES;
				CLANG_WARN_INT_CONVERSION = YES;
				CLANG_WARN_OBJC_ROOT_CLASS = YES_ERROR;
				CLANG_WARN_UNREACHABLE_CODE = YES;
				CLANG_WARN__DUPLICATE_METHOD_MATCH = YES;
				"CODE_SIGN_IDENTITY[sdk=iphoneos*]" = "iPhone Developer";
				COPY_PHASE_STRIP = YES;
				ENABLE_NS_ASSERTIONS = NO;
				ENABLE_STRICT_OBJC_MSGSEND = YES;
				GCC_C_LANGUAGE_STANDARD = gnu99;
				GCC_WARN_64_TO_32_BIT_CONVERSION = YES;
				GCC_WARN_ABOUT_RETURN_TYPE = YES_ERROR;
				GCC_WARN_UNDECLARED_SELECTOR = YES;
				GCC_WARN_UNINITIALIZED_AUTOS = YES_AGGRESSIVE;
				GCC_WARN_UNUSED_FUNCTION = YES;
				GCC_WARN_UNUSED_VARIABLE = YES;
				IPHONEOS_DEPLOYMENT_TARGET = 8.0;
				MTL_ENABLE_DEBUG_INFO = NO;
				SDKROOT = iphoneos;
				VALIDATE_PRODUCT = YES;
			};
			name = Release;
		};
		340C38C9197ADE16004D9332 /* Debug */ = {
			isa = XCBuildConfiguration;
			buildSettings = {
				ASSETCATALOG_COMPILER_APPICON_NAME = AppIcon;
				ASSETCATALOG_COMPILER_LAUNCHIMAGE_NAME = LaunchImage;
				CLANG_ENABLE_MODULES = YES;
				DEFINES_MODULE = YES;
				FRAMEWORK_SEARCH_PATHS = (
					"$(inherited)",
					"$(PROJECT_DIR)",
				);
				GCC_PREFIX_HEADER = "Tuneful/EZAudio/Tuneful-Prefix.pch";
				INFOPLIST_FILE = Tuneful/Info.plist;
				LD_RUNPATH_SEARCH_PATHS = "$(inherited) @executable_path/Frameworks";
				LIBRARY_SEARCH_PATHS = (
					"$(inherited)",
					"$(PROJECT_DIR)",
				);
				OTHER_LDFLAGS = "";
				PRODUCT_NAME = "$(TARGET_NAME)";
				SWIFT_OBJC_BRIDGING_HEADER = "Tuneful/Tuneful-Bridging-Header.h";
				SWIFT_OPTIMIZATION_LEVEL = "-Onone";
			};
			name = Debug;
		};
		340C38CA197ADE16004D9332 /* Release */ = {
			isa = XCBuildConfiguration;
			buildSettings = {
				ASSETCATALOG_COMPILER_APPICON_NAME = AppIcon;
				ASSETCATALOG_COMPILER_LAUNCHIMAGE_NAME = LaunchImage;
				CLANG_ENABLE_MODULES = YES;
				DEFINES_MODULE = YES;
				FRAMEWORK_SEARCH_PATHS = (
					"$(inherited)",
					"$(PROJECT_DIR)",
				);
				GCC_PREFIX_HEADER = "Tuneful/EZAudio/Tuneful-Prefix.pch";
				INFOPLIST_FILE = Tuneful/Info.plist;
				LD_RUNPATH_SEARCH_PATHS = "$(inherited) @executable_path/Frameworks";
				LIBRARY_SEARCH_PATHS = (
					"$(inherited)",
					"$(PROJECT_DIR)",
				);
				OTHER_LDFLAGS = "";
				PRODUCT_NAME = "$(TARGET_NAME)";
				SWIFT_OBJC_BRIDGING_HEADER = "Tuneful/Tuneful-Bridging-Header.h";
			};
			name = Release;
		};
		340C38CC197ADE16004D9332 /* Debug */ = {
			isa = XCBuildConfiguration;
			buildSettings = {
				BUNDLE_LOADER = "$(BUILT_PRODUCTS_DIR)/Tuneful.app/Tuneful";
				FRAMEWORK_SEARCH_PATHS = (
					"$(SDKROOT)/Developer/Library/Frameworks",
					"$(inherited)",
				);
				GCC_PREPROCESSOR_DEFINITIONS = (
					"DEBUG=1",
					"$(inherited)",
				);
				INFOPLIST_FILE = TunefulTests/Info.plist;
				LD_RUNPATH_SEARCH_PATHS = "$(inherited) @executable_path/Frameworks @loader_path/Frameworks";
				PRODUCT_NAME = "$(TARGET_NAME)";
				TEST_HOST = "$(BUNDLE_LOADER)";
			};
			name = Debug;
		};
		340C38CD197ADE16004D9332 /* Release */ = {
			isa = XCBuildConfiguration;
			buildSettings = {
				BUNDLE_LOADER = "$(BUILT_PRODUCTS_DIR)/Tuneful.app/Tuneful";
				FRAMEWORK_SEARCH_PATHS = (
					"$(SDKROOT)/Developer/Library/Frameworks",
					"$(inherited)",
				);
				INFOPLIST_FILE = TunefulTests/Info.plist;
				LD_RUNPATH_SEARCH_PATHS = "$(inherited) @executable_path/Frameworks @loader_path/Frameworks";
				PRODUCT_NAME = "$(TARGET_NAME)";
				TEST_HOST = "$(BUNDLE_LOADER)";
			};
			name = Release;
		};
/* End XCBuildConfiguration section */

/* Begin XCConfigurationList section */
		340C38A7197ADE16004D9332 /* Build configuration list for PBXProject "Tuneful" */ = {
			isa = XCConfigurationList;
			buildConfigurations = (
				340C38C6197ADE16004D9332 /* Debug */,
				340C38C7197ADE16004D9332 /* Release */,
			);
			defaultConfigurationIsVisible = 0;
			defaultConfigurationName = Release;
		};
		340C38C8197ADE16004D9332 /* Build configuration list for PBXNativeTarget "Tuneful" */ = {
			isa = XCConfigurationList;
			buildConfigurations = (
				340C38C9197ADE16004D9332 /* Debug */,
				340C38CA197ADE16004D9332 /* Release */,
			);
			defaultConfigurationIsVisible = 0;
			defaultConfigurationName = Release;
		};
		340C38CB197ADE16004D9332 /* Build configuration list for PBXNativeTarget "TunefulTests" */ = {
			isa = XCConfigurationList;
			buildConfigurations = (
				340C38CC197ADE16004D9332 /* Debug */,
				340C38CD197ADE16004D9332 /* Release */,
			);
			defaultConfigurationIsVisible = 0;
			defaultConfigurationName = Release;
		};
/* End XCConfigurationList section */
	};
	rootObject = 340C38A4197ADE16004D9332 /* Project object */;
}
