// !$*UTF8*$!
{
	archiveVersion = 1;
	classes = {
	};
	objectVersion = 46;
	objects = {

/* Begin PBXBuildFile section */
		340C38B2197ADE16004D9332 /* AppDelegate.swift in Sources */ = {isa = PBXBuildFile; fileRef = 340C38B1197ADE16004D9332 /* AppDelegate.swift */; };
		340C38B4197ADE16004D9332 /* ViewController.swift in Sources */ = {isa = PBXBuildFile; fileRef = 340C38B3197ADE16004D9332 /* ViewController.swift */; };
		340C38B7197ADE16004D9332 /* Main.storyboard in Resources */ = {isa = PBXBuildFile; fileRef = 340C38B5197ADE16004D9332 /* Main.storyboard */; };
		340C38B9197ADE16004D9332 /* Images.xcassets in Resources */ = {isa = PBXBuildFile; fileRef = 340C38B8197ADE16004D9332 /* Images.xcassets */; };
		340C38C5197ADE16004D9332 /* TunefulTests.swift in Sources */ = {isa = PBXBuildFile; fileRef = 340C38C4197ADE16004D9332 /* TunefulTests.swift */; };
		3478DD45197C229E006B654E /* fox.mp3 in Resources */ = {isa = PBXBuildFile; fileRef = 3478DD44197C229E006B654E /* fox.mp3 */; };
		34F075B8197AE549004E819E /* Recorder.swift in Sources */ = {isa = PBXBuildFile; fileRef = 34F075B7197AE549004E819E /* Recorder.swift */; };
		AF299D5A1986B63C00966930 /* Audio.swift in Sources */ = {isa = PBXBuildFile; fileRef = AF299D591986B63C00966930 /* Audio.swift */; };
		AF30AED719881A9B0083BD54 /* AudioTable.swift in Sources */ = {isa = PBXBuildFile; fileRef = AF30AED619881A9B0083BD54 /* AudioTable.swift */; };
		AF48F6A4199189E4007DC5EF /* AudioView.swift in Sources */ = {isa = PBXBuildFile; fileRef = AF48F6A3199189E4007DC5EF /* AudioView.swift */; };
		AF48F6A619919913007DC5EF /* StringExtension.swift in Sources */ = {isa = PBXBuildFile; fileRef = AF48F6A519919913007DC5EF /* StringExtension.swift */; };
		AF48F6A819919923007DC5EF /* UIColorExtension.swift in Sources */ = {isa = PBXBuildFile; fileRef = AF48F6A719919923007DC5EF /* UIColorExtension.swift */; };
		AF9081B419805B980024E026 /* WaveformImageView.swift in Sources */ = {isa = PBXBuildFile; fileRef = AF9081B319805B980024E026 /* WaveformImageView.swift */; };
/* End PBXBuildFile section */

/* Begin PBXContainerItemProxy section */
		340C38BF197ADE16004D9332 /* PBXContainerItemProxy */ = {
			isa = PBXContainerItemProxy;
			containerPortal = 340C38A4197ADE16004D9332 /* Project object */;
			proxyType = 1;
			remoteGlobalIDString = 340C38AB197ADE16004D9332;
			remoteInfo = Tuneful;
		};
/* End PBXContainerItemProxy section */

/* Begin PBXFileReference section */
		340C38AC197ADE16004D9332 /* Tuneful.app */ = {isa = PBXFileReference; explicitFileType = wrapper.application; includeInIndex = 0; path = Tuneful.app; sourceTree = BUILT_PRODUCTS_DIR; };
		340C38B0197ADE16004D9332 /* Info.plist */ = {isa = PBXFileReference; lastKnownFileType = text.plist.xml; path = Info.plist; sourceTree = "<group>"; };
		340C38B1197ADE16004D9332 /* AppDelegate.swift */ = {isa = PBXFileReference; lastKnownFileType = sourcecode.swift; path = AppDelegate.swift; sourceTree = "<group>"; };
		340C38B3197ADE16004D9332 /* ViewController.swift */ = {isa = PBXFileReference; lastKnownFileType = sourcecode.swift; path = ViewController.swift; sourceTree = "<group>"; };
		340C38B6197ADE16004D9332 /* Base */ = {isa = PBXFileReference; lastKnownFileType = file.storyboard; name = Base; path = Base.lproj/Main.storyboard; sourceTree = "<group>"; };
		340C38B8197ADE16004D9332 /* Images.xcassets */ = {isa = PBXFileReference; lastKnownFileType = folder.assetcatalog; path = Images.xcassets; sourceTree = "<group>"; };
		340C38BE197ADE16004D9332 /* TunefulTests.xctest */ = {isa = PBXFileReference; explicitFileType = wrapper.cfbundle; includeInIndex = 0; path = TunefulTests.xctest; sourceTree = BUILT_PRODUCTS_DIR; };
		340C38C3197ADE16004D9332 /* Info.plist */ = {isa = PBXFileReference; lastKnownFileType = text.plist.xml; path = Info.plist; sourceTree = "<group>"; };
		340C38C4197ADE16004D9332 /* TunefulTests.swift */ = {isa = PBXFileReference; lastKnownFileType = sourcecode.swift; path = TunefulTests.swift; sourceTree = "<group>"; };
		3478DD44197C229E006B654E /* fox.mp3 */ = {isa = PBXFileReference; lastKnownFileType = audio.mp3; path = fox.mp3; sourceTree = "<group>"; };
		34F075B7197AE549004E819E /* Recorder.swift */ = {isa = PBXFileReference; fileEncoding = 4; lastKnownFileType = sourcecode.swift; path = Recorder.swift; sourceTree = "<group>"; };
		AF299D591986B63C00966930 /* Audio.swift */ = {isa = PBXFileReference; fileEncoding = 4; lastKnownFileType = sourcecode.swift; path = Audio.swift; sourceTree = "<group>"; };
		AF30AED619881A9B0083BD54 /* AudioTable.swift */ = {isa = PBXFileReference; fileEncoding = 4; lastKnownFileType = sourcecode.swift; path = AudioTable.swift; sourceTree = "<group>"; };
		AF48F6A3199189E4007DC5EF /* AudioView.swift */ = {isa = PBXFileReference; fileEncoding = 4; lastKnownFileType = sourcecode.swift; path = AudioView.swift; sourceTree = "<group>"; };
		AF48F6A519919913007DC5EF /* StringExtension.swift */ = {isa = PBXFileReference; fileEncoding = 4; lastKnownFileType = sourcecode.swift; path = StringExtension.swift; sourceTree = "<group>"; };
		AF48F6A719919923007DC5EF /* UIColorExtension.swift */ = {isa = PBXFileReference; fileEncoding = 4; lastKnownFileType = sourcecode.swift; path = UIColorExtension.swift; sourceTree = "<group>"; };
		AF9081B319805B980024E026 /* WaveformImageView.swift */ = {isa = PBXFileReference; fileEncoding = 4; lastKnownFileType = sourcecode.swift; path = WaveformImageView.swift; sourceTree = "<group>"; };
/* End PBXFileReference section */

/* Begin PBXFrameworksBuildPhase section */
		340C38A9197ADE16004D9332 /* Frameworks */ = {
			isa = PBXFrameworksBuildPhase;
			buildActionMask = 2147483647;
			files = (
			);
			runOnlyForDeploymentPostprocessing = 0;
		};
		340C38BB197ADE16004D9332 /* Frameworks */ = {
			isa = PBXFrameworksBuildPhase;
			buildActionMask = 2147483647;
			files = (
			);
			runOnlyForDeploymentPostprocessing = 0;
		};
/* End PBXFrameworksBuildPhase section */

/* Begin PBXGroup section */
		340C38A3197ADE16004D9332 = {
			isa = PBXGroup;
			children = (
				AF48F6A519919913007DC5EF /* StringExtension.swift */,
				AF48F6A719919923007DC5EF /* UIColorExtension.swift */,
				340C38AE197ADE16004D9332 /* Tuneful */,
				340C38C1197ADE16004D9332 /* TunefulTests */,
				340C38AD197ADE16004D9332 /* Products */,
			);
			sourceTree = "<group>";
		};
		340C38AD197ADE16004D9332 /* Products */ = {
			isa = PBXGroup;
			children = (
				340C38AC197ADE16004D9332 /* Tuneful.app */,
				340C38BE197ADE16004D9332 /* TunefulTests.xctest */,
			);
			name = Products;
			sourceTree = "<group>";
		};
		340C38AE197ADE16004D9332 /* Tuneful */ = {
			isa = PBXGroup;
			children = (
				340C38B1197ADE16004D9332 /* AppDelegate.swift */,
				340C38B3197ADE16004D9332 /* ViewController.swift */,
				AF48F6A3199189E4007DC5EF /* AudioView.swift */,
				AF30AED619881A9B0083BD54 /* AudioTable.swift */,
				AF299D591986B63C00966930 /* Audio.swift */,
				34F075B7197AE549004E819E /* Recorder.swift */,
				AF9081B319805B980024E026 /* WaveformImageView.swift */,
				340C38B5197ADE16004D9332 /* Main.storyboard */,
				340C38B8197ADE16004D9332 /* Images.xcassets */,
				340C38AF197ADE16004D9332 /* Supporting Files */,
			);
			path = Tuneful;
			sourceTree = "<group>";
		};
		340C38AF197ADE16004D9332 /* Supporting Files */ = {
			isa = PBXGroup;
			children = (
				3478DD44197C229E006B654E /* fox.mp3 */,
				340C38B0197ADE16004D9332 /* Info.plist */,
			);
			name = "Supporting Files";
			sourceTree = "<group>";
		};
		340C38C1197ADE16004D9332 /* TunefulTests */ = {
			isa = PBXGroup;
			children = (
				340C38C4197ADE16004D9332 /* TunefulTests.swift */,
				340C38C2197ADE16004D9332 /* Supporting Files */,
			);
			path = TunefulTests;
			sourceTree = "<group>";
		};
		340C38C2197ADE16004D9332 /* Supporting Files */ = {
			isa = PBXGroup;
			children = (
				340C38C3197ADE16004D9332 /* Info.plist */,
			);
			name = "Supporting Files";
			sourceTree = "<group>";
		};
/* End PBXGroup section */

/* Begin PBXNativeTarget section */
		340C38AB197ADE16004D9332 /* Tuneful */ = {
			isa = PBXNativeTarget;
			buildConfigurationList = 340C38C8197ADE16004D9332 /* Build configuration list for PBXNativeTarget "Tuneful" */;
			buildPhases = (
				340C38A8197ADE16004D9332 /* Sources */,
				340C38A9197ADE16004D9332 /* Frameworks */,
				340C38AA197ADE16004D9332 /* Resources */,
			);
			buildRules = (
			);
			dependencies = (
			);
			name = Tuneful;
			productName = Tuneful;
			productReference = 340C38AC197ADE16004D9332 /* Tuneful.app */;
			productType = "com.apple.product-type.application";
		};
		340C38BD197ADE16004D9332 /* TunefulTests */ = {
			isa = PBXNativeTarget;
			buildConfigurationList = 340C38CB197ADE16004D9332 /* Build configuration list for PBXNativeTarget "TunefulTests" */;
			buildPhases = (
				340C38BA197ADE16004D9332 /* Sources */,
				340C38BB197ADE16004D9332 /* Frameworks */,
				340C38BC197ADE16004D9332 /* Resources */,
			);
			buildRules = (
			);
			dependencies = (
				340C38C0197ADE16004D9332 /* PBXTargetDependency */,
			);
			name = TunefulTests;
			productName = TunefulTests;
			productReference = 340C38BE197ADE16004D9332 /* TunefulTests.xctest */;
			productType = "com.apple.product-type.bundle.unit-test";
		};
/* End PBXNativeTarget section */

/* Begin PBXProject section */
		340C38A4197ADE16004D9332 /* Project object */ = {
			isa = PBXProject;
			attributes = {
				LastUpgradeCheck = 0600;
				ORGANIZATIONNAME = "Kevin Scott";
				TargetAttributes = {
					340C38AB197ADE16004D9332 = {
						CreatedOnToolsVersion = 6.0;
					};
					340C38BD197ADE16004D9332 = {
						CreatedOnToolsVersion = 6.0;
						TestTargetID = 340C38AB197ADE16004D9332;
					};
				};
			};
			buildConfigurationList = 340C38A7197ADE16004D9332 /* Build configuration list for PBXProject "Tuneful" */;
			compatibilityVersion = "Xcode 3.2";
			developmentRegion = English;
			hasScannedForEncodings = 0;
			knownRegions = (
				en,
				Base,
			);
			mainGroup = 340C38A3197ADE16004D9332;
			productRefGroup = 340C38AD197ADE16004D9332 /* Products */;
			projectDirPath = "";
			projectRoot = "";
			targets = (
				340C38AB197ADE16004D9332 /* Tuneful */,
				340C38BD197ADE16004D9332 /* TunefulTests */,
			);
		};
/* End PBXProject section */

/* Begin PBXResourcesBuildPhase section */
		340C38AA197ADE16004D9332 /* Resources */ = {
			isa = PBXResourcesBuildPhase;
			buildActionMask = 2147483647;
			files = (
				3478DD45197C229E006B654E /* fox.mp3 in Resources */,
				340C38B7197ADE16004D9332 /* Main.storyboard in Resources */,
				340C38B9197ADE16004D9332 /* Images.xcassets in Resources */,
			);
			runOnlyForDeploymentPostprocessing = 0;
		};
		340C38BC197ADE16004D9332 /* Resources */ = {
			isa = PBXResourcesBuildPhase;
			buildActionMask = 2147483647;
			files = (
			);
			runOnlyForDeploymentPostprocessing = 0;
		};
/* End PBXResourcesBuildPhase section */

/* Begin PBXSourcesBuildPhase section */
		340C38A8197ADE16004D9332 /* Sources */ = {
			isa = PBXSourcesBuildPhase;
			buildActionMask = 2147483647;
			files = (
				AF48F6A4199189E4007DC5EF /* AudioView.swift in Sources */,
				34F075B8197AE549004E819E /* Recorder.swift in Sources */,
				AF30AED719881A9B0083BD54 /* AudioTable.swift in Sources */,
				340C38B4197ADE16004D9332 /* ViewController.swift in Sources */,
				AF48F6A619919913007DC5EF /* StringExtension.swift in Sources */,
				AF48F6A819919923007DC5EF /* UIColorExtension.swift in Sources */,
				340C38B2197ADE16004D9332 /* AppDelegate.swift in Sources */,
				AF9081B419805B980024E026 /* WaveformImageView.swift in Sources */,
				AF299D5A1986B63C00966930 /* Audio.swift in Sources */,
			);
			runOnlyForDeploymentPostprocessing = 0;
		};
		340C38BA197ADE16004D9332 /* Sources */ = {
			isa = PBXSourcesBuildPhase;
			buildActionMask = 2147483647;
			files = (
				340C38C5197ADE16004D9332 /* TunefulTests.swift in Sources */,
			);
			runOnlyForDeploymentPostprocessing = 0;
		};
/* End PBXSourcesBuildPhase section */

/* Begin PBXTargetDependency section */
		340C38C0197ADE16004D9332 /* PBXTargetDependency */ = {
			isa = PBXTargetDependency;
			target = 340C38AB197ADE16004D9332 /* Tuneful */;
			targetProxy = 340C38BF197ADE16004D9332 /* PBXContainerItemProxy */;
		};
/* End PBXTargetDependency section */

/* Begin PBXVariantGroup section */
		340C38B5197ADE16004D9332 /* Main.storyboard */ = {
			isa = PBXVariantGroup;
			children = (
				340C38B6197ADE16004D9332 /* Base */,
			);
			name = Main.storyboard;
			sourceTree = "<group>";
		};
/* End PBXVariantGroup section */

/* Begin XCBuildConfiguration section */
		340C38C6197ADE16004D9332 /* Debug */ = {
			isa = XCBuildConfiguration;
			buildSettings = {
				ALWAYS_SEARCH_USER_PATHS = NO;
				CLANG_CXX_LANGUAGE_STANDARD = "gnu++0x";
				CLANG_CXX_LIBRARY = "libc++";
				CLANG_ENABLE_MODULES = YES;
				CLANG_ENABLE_OBJC_ARC = YES;
				CLANG_WARN_BOOL_CONVERSION = YES;
				CLANG_WARN_CONSTANT_CONVERSION = YES;
				CLANG_WARN_DIRECT_OBJC_ISA_USAGE = YES_ERROR;
				CLANG_WARN_EMPTY_BODY = YES;
				CLANG_WARN_ENUM_CONVERSION = YES;
				CLANG_WARN_INT_CONVERSION = YES;
				CLANG_WARN_OBJC_ROOT_CLASS = YES_ERROR;
				CLANG_WARN_UNREACHABLE_CODE = YES;
				CLANG_WARN__DUPLICATE_METHOD_MATCH = YES;
				"CODE_SIGN_IDENTITY[sdk=iphoneos*]" = "iPhone Developer";
				COPY_PHASE_STRIP = NO;
				ENABLE_STRICT_OBJC_MSGSEND = YES;
				GCC_C_LANGUAGE_STANDARD = gnu99;
				GCC_DYNAMIC_NO_PIC = NO;
				GCC_OPTIMIZATION_LEVEL = 0;
				GCC_PREPROCESSOR_DEFINITIONS = (
					"DEBUG=1",
					"$(inherited)",
				);
				GCC_SYMBOLS_PRIVATE_EXTERN = NO;
				GCC_WARN_64_TO_32_BIT_CONVERSION = YES;
				GCC_WARN_ABOUT_RETURN_TYPE = YES_ERROR;
				GCC_WARN_UNDECLARED_SELECTOR = YES;
				GCC_WARN_UNINITIALIZED_AUTOS = YES_AGGRESSIVE;
				GCC_WARN_UNUSED_FUNCTION = YES;
				GCC_WARN_UNUSED_VARIABLE = YES;
				IPHONEOS_DEPLOYMENT_TARGET = 8.0;
				MTL_ENABLE_DEBUG_INFO = YES;
				ONLY_ACTIVE_ARCH = YES;
				SDKROOT = iphoneos;
				SWIFT_OPTIMIZATION_LEVEL = "-Onone";
			};
			name = Debug;
		};
		340C38C7197ADE16004D9332 /* Release */ = {
			isa = XCBuildConfiguration;
			buildSettings = {
				ALWAYS_SEARCH_USER_PATHS = NO;
				CLANG_CXX_LANGUAGE_STANDARD = "gnu++0x";
				CLANG_CXX_LIBRARY = "libc++";
				CLANG_ENABLE_MODULES = YES;
				CLANG_ENABLE_OBJC_ARC = YES;
				CLANG_WARN_BOOL_CONVERSION = YES;
				CLANG_WARN_CONSTANT_CONVERSION = YES;
				CLANG_WARN_DIRECT_OBJC_ISA_USAGE = YES_ERROR;
				CLANG_WARN_EMPTY_BODY = YES;
				CLANG_WARN_ENUM_CONVERSION = YES;
				CLANG_WARN_INT_CONVERSION = YES;
				CLANG_WARN_OBJC_ROOT_CLASS = YES_ERROR;
				CLANG_WARN_UNREACHABLE_CODE = YES;
				CLANG_WARN__DUPLICATE_METHOD_MATCH = YES;
				"CODE_SIGN_IDENTITY[sdk=iphoneos*]" = "iPhone Developer";
				COPY_PHASE_STRIP = YES;
				ENABLE_NS_ASSERTIONS = NO;
				ENABLE_STRICT_OBJC_MSGSEND = YES;
				GCC_C_LANGUAGE_STANDARD = gnu99;
				GCC_WARN_64_TO_32_BIT_CONVERSION = YES;
				GCC_WARN_ABOUT_RETURN_TYPE = YES_ERROR;
				GCC_WARN_UNDECLARED_SELECTOR = YES;
				GCC_WARN_UNINITIALIZED_AUTOS = YES_AGGRESSIVE;
				GCC_WARN_UNUSED_FUNCTION = YES;
				GCC_WARN_UNUSED_VARIABLE = YES;
				IPHONEOS_DEPLOYMENT_TARGET = 8.0;
				MTL_ENABLE_DEBUG_INFO = NO;
				SDKROOT = iphoneos;
				VALIDATE_PRODUCT = YES;
			};
			name = Release;
		};
		340C38C9197ADE16004D9332 /* Debug */ = {
			isa = XCBuildConfiguration;
			buildSettings = {
				ASSETCATALOG_COMPILER_APPICON_NAME = AppIcon;
				ASSETCATALOG_COMPILER_LAUNCHIMAGE_NAME = LaunchImage;
				INFOPLIST_FILE = Tuneful/Info.plist;
				LD_RUNPATH_SEARCH_PATHS = "$(inherited) @executable_path/Frameworks";
				PRODUCT_NAME = "$(TARGET_NAME)";
			};
			name = Debug;
		};
		340C38CA197ADE16004D9332 /* Release */ = {
			isa = XCBuildConfiguration;
			buildSettings = {
				ASSETCATALOG_COMPILER_APPICON_NAME = AppIcon;
				ASSETCATALOG_COMPILER_LAUNCHIMAGE_NAME = LaunchImage;
				INFOPLIST_FILE = Tuneful/Info.plist;
				LD_RUNPATH_SEARCH_PATHS = "$(inherited) @executable_path/Frameworks";
				PRODUCT_NAME = "$(TARGET_NAME)";
			};
			name = Release;
		};
		340C38CC197ADE16004D9332 /* Debug */ = {
			isa = XCBuildConfiguration;
			buildSettings = {
				BUNDLE_LOADER = "$(BUILT_PRODUCTS_DIR)/Tuneful.app/Tuneful";
				FRAMEWORK_SEARCH_PATHS = (
					"$(SDKROOT)/Developer/Library/Frameworks",
					"$(inherited)",
				);
				GCC_PREPROCESSOR_DEFINITIONS = (
					"DEBUG=1",
					"$(inherited)",
				);
				INFOPLIST_FILE = TunefulTests/Info.plist;
				LD_RUNPATH_SEARCH_PATHS = "$(inherited) @executable_path/Frameworks @loader_path/Frameworks";
				PRODUCT_NAME = "$(TARGET_NAME)";
				TEST_HOST = "$(BUNDLE_LOADER)";
			};
			name = Debug;
		};
		340C38CD197ADE16004D9332 /* Release */ = {
			isa = XCBuildConfiguration;
			buildSettings = {
				BUNDLE_LOADER = "$(BUILT_PRODUCTS_DIR)/Tuneful.app/Tuneful";
				FRAMEWORK_SEARCH_PATHS = (
					"$(SDKROOT)/Developer/Library/Frameworks",
					"$(inherited)",
				);
				INFOPLIST_FILE = TunefulTests/Info.plist;
				LD_RUNPATH_SEARCH_PATHS = "$(inherited) @executable_path/Frameworks @loader_path/Frameworks";
				PRODUCT_NAME = "$(TARGET_NAME)";
				TEST_HOST = "$(BUNDLE_LOADER)";
			};
			name = Release;
		};
/* End XCBuildConfiguration section */

/* Begin XCConfigurationList section */
		340C38A7197ADE16004D9332 /* Build configuration list for PBXProject "Tuneful" */ = {
			isa = XCConfigurationList;
			buildConfigurations = (
				340C38C6197ADE16004D9332 /* Debug */,
				340C38C7197ADE16004D9332 /* Release */,
			);
			defaultConfigurationIsVisible = 0;
			defaultConfigurationName = Release;
		};
		340C38C8197ADE16004D9332 /* Build configuration list for PBXNativeTarget "Tuneful" */ = {
			isa = XCConfigurationList;
			buildConfigurations = (
				340C38C9197ADE16004D9332 /* Debug */,
				340C38CA197ADE16004D9332 /* Release */,
			);
			defaultConfigurationIsVisible = 0;
			defaultConfigurationName = Release;
		};
		340C38CB197ADE16004D9332 /* Build configuration list for PBXNativeTarget "TunefulTests" */ = {
			isa = XCConfigurationList;
			buildConfigurations = (
				340C38CC197ADE16004D9332 /* Debug */,
				340C38CD197ADE16004D9332 /* Release */,
			);
			defaultConfigurationIsVisible = 0;
			defaultConfigurationName = Release;
		};
/* End XCConfigurationList section */
	};
	rootObject = 340C38A4197ADE16004D9332 /* Project object */;
}
